{
  "version": 4,
  "terraform_version": "1.15.8",
  "serial": 49,
  "lineage": "ecbd9913-d577-3fbf-36d5-d4678d5d9fd5",
  "outputs": {
    "alb_dns_name": {
      "value": "secure-n-tier-infra-dev-alb-1780413793.ap-south-1.elb.amazonaws.com",
      "type": "string"
    },
    "autoscaling_group_name": {
      "value": "secure-n-tier-infra-dev-app-asg",
      "type": "string"
    },
    "database_subnet_ids": {
      "value": [
        "subnet-048d04cd43e361069",
        "subnet-060b4cd8fe5a73737"
      ],
      "type": [
        "tuple",
        [
          "string",
          "string"
        ]
      ]
    },
    "ecr_repository_url": {
      "value": "951869164162.dkr.ecr.ap-south-1.amazonaws.com/secure-n-tier-infra-dev",
      "type": "string"
    },
    "jenkins_instance_id": {
      "value": "i-0b85d042c8be6f9d6",
      "type": "string"
    },
    "jenkins_public_ip": {
      "value": "13.207.51.34",
      "type": "string"
    },
    "mongodb_port": {
      "value": 27017,
      "type": "number"
    },
    "private_subnet_ids": {
      "value": [
        "subnet-0fc709c805d16c6e8",
        "subnet-0a467d8d8d0c397bc"
      ],
      "type": [
        "tuple",
        [
          "string",
          "string"
        ]
      ]
    },
    "public_subnet_ids": {
      "value": [
        "subnet-06cf96f8db52385ee",
        "subnet-0c7a3dc8acda26573"
      ],
      "type": [
        "tuple",
        [
          "string",
          "string"
        ]
      ]
    },
    "target_group_arn": {
      "value": "arn:aws:elasticloadbalancing:ap-south-1:951869164162:targetgroup/secure-n-tier-infra-dev-tg/e923e09344ec71aa",
      "type": "string"
    },
    "vpc_id": {
      "value": "vpc-0a1303a7a5cc157c9",
      "type": "string"
    }
  },
  "resources": [
    {
      "mode": "data",
      "type": "aws_ami",
      "name": "amazon_linux_2023",
      "provider": "provider[\"registry.terraform.io/hashicorp/aws\"]",
      "instances": [
        {
          "schema_version": 0,
          "attributes": {
            "allow_unsafe_filter": null,
            "architecture": "x86_64",
            "arn": "arn:aws:ec2:ap-south-1::image/ami-06a83a7a581c729a9",
            "block_device_mappings": [
              {
                "device_name": "/dev/xvda",
                "ebs": {
                  "delete_on_termination": "true",
                  "encrypted": "false",
                  "iops": "3000",
                  "snapshot_id": "snap-092387d0cf1a7cec1",
                  "throughput": "125",
                  "volume_initialization_rate": "0",
                  "volume_size": "8",
                  "volume_type": "gp3"
                },
                "no_device": "",
                "virtual_name": ""
              }
            ],
            "boot_mode": "uefi-preferred",
            "creation_date": "2026-08-12T23:51:04.000Z",
            "deprecation_time": "2026-11-10T23:57:00.000Z",
            "description": "Amazon Linux 2023 AMI 2023.12.20260817.0 x86_64 HVM kernel-6.1",
            "ena_support": true,
            "executable_users": null,
            "filter": [
              {
                "name": "architecture",
                "values": [
                  "x86_64"
                ]
              },
              {
                "name": "name",
                "values": [
                  "al2023-ami-2023.*-x86_64"
                ]
              },
              {
                "name": "root-device-type",
                "values": [
                  "ebs"
                ]
              },
              {
                "name": "state",
                "values": [
                  "available"
                ]
              },
              {
                "name": "virtualization-type",
                "values": [
                  "hvm"
                ]
              }
            ],
            "hypervisor": "xen",
            "id": "ami-06a83a7a581c729a9",
            "image_id": "ami-06a83a7a581c729a9",
            "image_location": "amazon/al2023-ami-2023.12.20260817.0-kernel-6.1-x86_64",
            "image_owner_alias": "amazon",
            "image_type": "machine",
            "imds_support": "v2.0",
            "include_deprecated": false,
            "kernel_id": "",
            "last_launched_time": "",
            "most_recent": true,
            "name": "al2023-ami-2023.12.20260817.0-kernel-6.1-x86_64",
            "name_regex": null,
            "owner_id": "137112412989",
            "owners": [
              "amazon"
            ],
            "platform": "",
            "platform_details": "Linux/UNIX",
            "product_codes": [],
            "public": true,
            "ramdisk_id": "",
            "region": "ap-south-1",
            "root_device_name": "/dev/xvda",
            "root_device_type": "ebs",
            "root_snapshot_id": "snap-092387d0cf1a7cec1",
            "sriov_net_support": "simple",
            "state": "available",
            "state_reason": {
              "code": "UNSET",
              "message": "UNSET"
            },
            "tags": {},
            "timeouts": null,
            "tpm_support": "",
            "uefi_data": null,
            "usage_operation": "RunInstances",
            "virtualization_type": "hvm"
          },
          "sensitive_attributes": [],
          "identity_schema_version": 0
        }
      ]
    },
    {
      "module": "module.alb",
      "mode": "managed",
      "type": "aws_lb",
      "name": "this",
      "provider": "provider[\"registry.terraform.io/hashicorp/aws\"]",
      "instances": [
        {
          "schema_version": 0,
          "attributes": {
            "access_logs": [
              {
                "bucket": "",
                "enabled": false,
                "prefix": ""
              }
            ],
            "arn": "arn:aws:elasticloadbalancing:ap-south-1:951869164162:loadbalancer/app/secure-n-tier-infra-dev-alb/7cc83f0b85a86ca5",
            "arn_suffix": "app/secure-n-tier-infra-dev-alb/7cc83f0b85a86ca5",
            "client_keep_alive": 3600,
            "connection_logs": [
              {
                "bucket": "",
                "enabled": false,
                "prefix": ""
              }
            ],
            "customer_owned_ipv4_pool": "",
            "desync_mitigation_mode": "defensive",
            "dns_name": "secure-n-tier-infra-dev-alb-1780413793.ap-south-1.elb.amazonaws.com",
            "dns_record_client_routing_policy": null,
            "drop_invalid_header_fields": false,
            "enable_cross_zone_load_balancing": true,
            "enable_deletion_protection": false,
            "enable_http2": true,
            "enable_prefix_for_ipv6_source_nat": "off",
            "enable_tls_version_and_cipher_suite_headers": false,
            "enable_waf_fail_open": false,
            "enable_xff_client_port": false,
            "enable_zonal_shift": false,
            "enforce_security_group_inbound_rules_on_private_link_traffic": "",
            "health_check_logs": [
              {
                "bucket": "",
                "enabled": false,
                "prefix": ""
              }
            ],
            "id": "arn:aws:elasticloadbalancing:ap-south-1:951869164162:loadbalancer/app/secure-n-tier-infra-dev-alb/7cc83f0b85a86ca5",
            "idle_timeout": 60,
            "internal": false,
            "ip_address_type": "ipv4",
            "ipam_pools": [],
            "load_balancer_type": "application",
            "minimum_load_balancer_capacity": [],
            "name": "secure-n-tier-infra-dev-alb",
            "name_prefix": "",
            "preserve_host_header": false,
            "region": "ap-south-1",
            "secondary_ips_auto_assigned_per_subnet": null,
            "security_groups": [
              "sg-094e999939b68660e"
            ],
            "subnet_mapping": [
              {
                "allocation_id": "",
                "ipv6_address": "",
                "outpost_id": "",
                "private_ipv4_address": "",
                "subnet_id": "subnet-06cf96f8db52385ee"
              },
              {
                "allocation_id": "",
                "ipv6_address": "",
                "outpost_id": "",
                "private_ipv4_address": "",
                "subnet_id": "subnet-0c7a3dc8acda26573"
              }
            ],
            "subnets": [
              "subnet-06cf96f8db52385ee",
              "subnet-0c7a3dc8acda26573"
            ],
            "tags": {
              "Environment": "dev",
              "ManagedBy": "Terraform",
              "Name": "secure-n-tier-infra-dev-alb",
              "Project": "secure-n-tier-infra"
            },
            "tags_all": {
              "Environment": "dev",
              "ManagedBy": "Terraform",
              "Name": "secure-n-tier-infra-dev-alb",
              "Project": "secure-n-tier-infra"
            },
            "timeouts": null,
            "vpc_id": "vpc-0a1303a7a5cc157c9",
            "xff_header_processing_mode": "append",
            "zone_id": "ZP97RAFLXTNZK"
          },
          "sensitive_attributes": [],
          "identity_schema_version": 0,
          "identity": {
            "arn": "arn:aws:elasticloadbalancing:ap-south-1:951869164162:loadbalancer/app/secure-n-tier-infra-dev-alb/7cc83f0b85a86ca5"
          },
          "private": "eyJlMmJmYjczMC1lY2FhLTExZTYtOGY4OC0zNDM2M2JjN2M0YzAiOnsiY3JlYXRlIjo2MDAwMDAwMDAwMDAsImRlbGV0ZSI6NjAwMDAwMDAwMDAwLCJ1cGRhdGUiOjYwMDAwMDAwMDAwMH19",
          "dependencies": [
            "module.security_group.aws_security_group.alb",
            "module.vpc.aws_subnet.public",
            "module.vpc.aws_vpc.this"
          ]
        }
      ]
    },
    {
      "module": "module.alb",
      "mode": "managed",
      "type": "aws_lb_listener",
      "name": "http",
      "provider": "provider[\"registry.terraform.io/hashicorp/aws\"]",
      "instances": [
        {
          "schema_version": 0,
          "attributes": {
            "alpn_policy": null,
            "arn": "arn:aws:elasticloadbalancing:ap-south-1:951869164162:listener/app/secure-n-tier-infra-dev-alb/7cc83f0b85a86ca5/26b3615dea917e40",
            "certificate_arn": null,
            "default_action": [
              {
                "authenticate_cognito": [],
                "authenticate_oidc": [],
                "fixed_response": [],
                "forward": [],
                "jwt_validation": [],
                "order": 1,
                "redirect": [],
                "target_group_arn": "arn:aws:elasticloadbalancing:ap-south-1:951869164162:targetgroup/secure-n-tier-infra-dev-tg/e923e09344ec71aa",
                "type": "forward"
              }
            ],
            "id": "arn:aws:elasticloadbalancing:ap-south-1:951869164162:listener/app/secure-n-tier-infra-dev-alb/7cc83f0b85a86ca5/26b3615dea917e40",
            "load_balancer_arn": "arn:aws:elasticloadbalancing:ap-south-1:951869164162:loadbalancer/app/secure-n-tier-infra-dev-alb/7cc83f0b85a86ca5",
            "mutual_authentication": [],
            "port": 80,
            "protocol": "HTTP",
            "region": "ap-south-1",
            "routing_http_request_x_amzn_mtls_clientcert_header_name": null,
            "routing_http_request_x_amzn_mtls_clientcert_issuer_header_name": null,
            "routing_http_request_x_amzn_mtls_clientcert_leaf_header_name": null,
            "routing_http_request_x_amzn_mtls_clientcert_serial_number_header_name": null,
            "routing_http_request_x_amzn_mtls_clientcert_subject_header_name": null,
            "routing_http_request_x_amzn_mtls_clientcert_validity_header_name": null,
            "routing_http_request_x_amzn_tls_cipher_suite_header_name": null,
            "routing_http_request_x_amzn_tls_version_header_name": null,
            "routing_http_response_access_control_allow_credentials_header_value": "",
            "routing_http_response_access_control_allow_headers_header_value": "",
            "routing_http_response_access_control_allow_methods_header_value": "",
            "routing_http_response_access_control_allow_origin_header_value": "",
            "routing_http_response_access_control_expose_headers_header_value": "",
            "routing_http_response_access_control_max_age_header_value": "",
            "routing_http_response_content_security_policy_header_value": "",
            "routing_http_response_server_enabled": true,
            "routing_http_response_strict_transport_security_header_value": "",
            "routing_http_response_x_content_type_options_header_value": "",
            "routing_http_response_x_frame_options_header_value": "",
            "ssl_policy": "",
            "tags": {},
            "tags_all": {
              "Environment": "dev",
              "ManagedBy": "Terraform",
              "Project": "secure-n-tier-infra"
            },
            "tcp_idle_timeout_seconds": null,
            "timeouts": null
          },
          "sensitive_attributes": [],
          "identity_schema_version": 0,
          "identity": {
            "arn": "arn:aws:elasticloadbalancing:ap-south-1:951869164162:listener/app/secure-n-tier-infra-dev-alb/7cc83f0b85a86ca5/26b3615dea917e40"
          },
          "private": "eyJlMmJmYjczMC1lY2FhLTExZTYtOGY4OC0zNDM2M2JjN2M0YzAiOnsiY3JlYXRlIjozMDAwMDAwMDAwMDAsInVwZGF0ZSI6MzAwMDAwMDAwMDAwfX0=",
          "dependencies": [
            "module.alb.aws_lb.this",
            "module.alb.aws_lb_target_group.this",
            "module.security_group.aws_security_group.alb",
            "module.vpc.aws_subnet.public",
            "module.vpc.aws_vpc.this"
          ]
        }
      ]
    },
    {
      "module": "module.alb",
      "mode": "managed",
      "type": "aws_lb_target_group",
      "name": "this",
      "provider": "provider[\"registry.terraform.io/hashicorp/aws\"]",
      "instances": [
        {
          "schema_version": 0,
          "attributes": {
            "arn": "arn:aws:elasticloadbalancing:ap-south-1:951869164162:targetgroup/secure-n-tier-infra-dev-tg/e923e09344ec71aa",
            "arn_suffix": "targetgroup/secure-n-tier-infra-dev-tg/e923e09344ec71aa",
            "connection_termination": null,
            "deregistration_delay": "300",
            "health_check": [
              {
                "enabled": true,
                "healthy_threshold": 3,
                "interval": 30,
                "matcher": "200",
                "path": "/",
                "port": "traffic-port",
                "protocol": "HTTP",
                "timeout": 5,
                "unhealthy_threshold": 3
              }
            ],
            "id": "arn:aws:elasticloadbalancing:ap-south-1:951869164162:targetgroup/secure-n-tier-infra-dev-tg/e923e09344ec71aa",
            "ip_address_type": "ipv4",
            "lambda_multi_value_headers_enabled": false,
            "load_balancer_arns": [
              "arn:aws:elasticloadbalancing:ap-south-1:951869164162:loadbalancer/app/secure-n-tier-infra-dev-alb/7cc83f0b85a86ca5"
            ],
            "load_balancing_algorithm_type": "round_robin",
            "load_balancing_anomaly_mitigation": "off",
            "load_balancing_cross_zone_enabled": "use_load_balancer_configuration",
            "name": "secure-n-tier-infra-dev-tg",
            "name_prefix": "",
            "port": 3000,
            "preserve_client_ip": null,
            "protocol": "HTTP",
            "protocol_version": "HTTP1",
            "proxy_protocol_v2": false,
            "region": "ap-south-1",
            "slow_start": 0,
            "stickiness": [
              {
                "cookie_duration": 86400,
                "cookie_name": "",
                "enabled": false,
                "type": "lb_cookie"
              }
            ],
            "tags": {
              "Environment": "dev",
              "ManagedBy": "Terraform",
              "Name": "secure-n-tier-infra-dev-tg",
              "Project": "secure-n-tier-infra"
            },
            "tags_all": {
              "Environment": "dev",
              "ManagedBy": "Terraform",
              "Name": "secure-n-tier-infra-dev-tg",
              "Project": "secure-n-tier-infra"
            },
            "target_control_port": 0,
            "target_failover": [
              {
                "on_deregistration": null,
                "on_unhealthy": null
              }
            ],
            "target_group_health": [
              {
                "dns_failover": [
                  {
                    "minimum_healthy_targets_count": "1",
                    "minimum_healthy_targets_percentage": "off"
                  }
                ],
                "unhealthy_state_routing": [
                  {
                    "minimum_healthy_targets_count": 1,
                    "minimum_healthy_targets_percentage": "off"
                  }
                ]
              }
            ],
            "target_health_state": [
              {
                "enable_unhealthy_connection_termination": null,
                "unhealthy_draining_interval": null
              }
            ],
            "target_type": "instance",
            "vpc_id": "vpc-0a1303a7a5cc157c9"
          },
          "sensitive_attributes": [],
          "identity_schema_version": 0,
          "identity": {
            "arn": "arn:aws:elasticloadbalancing:ap-south-1:951869164162:targetgroup/secure-n-tier-infra-dev-tg/e923e09344ec71aa"
          },
          "private": "bnVsbA==",
          "dependencies": [
            "module.vpc.aws_vpc.this"
          ]
        }
      ]
    },
    {
      "module": "module.ec2",
      "mode": "managed",
      "type": "aws_autoscaling_group",
      "name": "app",
      "provider": "provider[\"registry.terraform.io/hashicorp/aws\"]",
      "instances": [
        {
          "schema_version": 1,
          "attributes": {
            "arn": "arn:aws:autoscaling:ap-south-1:951869164162:autoScalingGroup:9e4c6cb6-99ab-464e-a8f6-82454e01bae7:autoScalingGroupName/secure-n-tier-infra-dev-app-asg",
            "availability_zone_distribution": [
              {
                "capacity_distribution_strategy": "balanced-best-effort"
              }
            ],
            "availability_zones": [
              "ap-south-1a",
              "ap-south-1b"
            ],
            "capacity_rebalance": false,
            "capacity_reservation_specification": [
              {
                "capacity_reservation_preference": "default",
                "capacity_reservation_target": []
              }
            ],
            "context": "",
            "default_cooldown": 300,
            "default_instance_warmup": 0,
            "desired_capacity": 2,
            "desired_capacity_type": "",
            "enabled_metrics": [],
            "force_delete": false,
            "force_delete_warm_pool": false,
            "health_check_grace_period": 120,
            "health_check_type": "ELB",
            "id": "secure-n-tier-infra-dev-app-asg",
            "ignore_failed_scaling_activities": false,
            "initial_lifecycle_hook": [],
            "instance_lifecycle_policy": [
              {
                "retention_triggers": [
                  {
                    "terminate_hook_abandon": "terminate"
                  }
                ]
              }
            ],
            "instance_maintenance_policy": [],
            "instance_refresh": [],
            "launch_configuration": "",
            "launch_template": [
              {
                "id": "lt-0b4b00466c6fbfe58",
                "name": "secure-n-tier-infra-dev-app-0ab97a36851c508555f77f6d83",
                "version": "$Latest"
              }
            ],
            "load_balancers": [],
            "max_instance_lifetime": 0,
            "max_size": 2,
            "metrics_granularity": "1Minute",
            "min_elb_capacity": null,
            "min_size": 2,
            "mixed_instances_policy": [],
            "name": "secure-n-tier-infra-dev-app-asg",
            "name_prefix": "",
            "placement_group": "",
            "predicted_capacity": 0,
            "protect_from_scale_in": false,
            "region": "ap-south-1",
            "service_linked_role_arn": "arn:aws:iam::951869164162:role/aws-service-role/autoscaling.amazonaws.com/AWSServiceRoleForAutoScaling",
            "suspended_processes": [],
            "tag": [
              {
                "key": "Environment",
                "propagate_at_launch": true,
                "value": "dev"
              },
              {
                "key": "ManagedBy",
                "propagate_at_launch": true,
                "value": "Terraform"
              },
              {
                "key": "Name",
                "propagate_at_launch": true,
                "value": "secure-n-tier-infra-dev-app"
              },
              {
                "key": "Project",
                "propagate_at_launch": true,
                "value": "secure-n-tier-infra"
              }
            ],
            "target_group_arns": [
              "arn:aws:elasticloadbalancing:ap-south-1:951869164162:targetgroup/secure-n-tier-infra-dev-tg/e923e09344ec71aa"
            ],
            "termination_policies": [],
            "timeouts": null,
            "traffic_source": [
              {
                "identifier": "arn:aws:elasticloadbalancing:ap-south-1:951869164162:targetgroup/secure-n-tier-infra-dev-tg/e923e09344ec71aa",
                "type": "elbv2"
              }
            ],
            "vpc_zone_identifier": [
              "subnet-0a467d8d8d0c397bc",
              "subnet-0fc709c805d16c6e8"
            ],
            "wait_for_capacity_timeout": "10m",
            "wait_for_elb_capacity": null,
            "warm_pool": [],
            "warm_pool_size": 0
          },
          "sensitive_attributes": [],
          "identity_schema_version": 0,
          "identity": {
            "account_id": "951869164162",
            "name": "secure-n-tier-infra-dev-app-asg",
            "region": "ap-south-1"
          },
          "private": "eyJlMmJmYjczMC1lY2FhLTExZTYtOGY4OC0zNDM2M2JjN2M0YzAiOnsiZGVsZXRlIjo2MDAwMDAwMDAwMDAsInVwZGF0ZSI6NjAwMDAwMDAwMDAwfSwic2NoZW1hX3ZlcnNpb24iOiIxIn0=",
          "dependencies": [
            "data.aws_ami.amazon_linux_2023",
            "module.alb.aws_lb_target_group.this",
            "module.ec2.aws_iam_instance_profile.app",
            "module.ec2.aws_iam_role.app",
            "module.ec2.aws_launch_template.app",
            "module.ecr.aws_ecr_repository.this",
            "module.security_group.aws_security_group.alb",
            "module.security_group.aws_security_group.app",
            "module.vpc.aws_subnet.private_app",
            "module.vpc.aws_vpc.this"
          ]
        }
      ]
    },
    {
      "module": "module.ec2",
      "mode": "managed",
      "type": "aws_iam_instance_profile",
      "name": "app",
      "provider": "provider[\"registry.terraform.io/hashicorp/aws\"]",
      "instances": [
        {
          "schema_version": 0,
          "attributes": {
            "arn": "arn:aws:iam::951869164162:instance-profile/secure-n-tier-infra-dev-app-profile",
            "create_date": "2026-08-25T08:41:34Z",
            "id": "secure-n-tier-infra-dev-app-profile",
            "name": "secure-n-tier-infra-dev-app-profile",
            "name_prefix": "",
            "path": "/",
            "role": "secure-n-tier-infra-dev-app-role",
            "tags": {},
            "tags_all": {
              "Environment": "dev",
              "ManagedBy": "Terraform",
              "Project": "secure-n-tier-infra"
            },
            "unique_id": "AIPA53H6SZKBP7DILE3AU"
          },
          "sensitive_attributes": [],
          "identity_schema_version": 0,
          "identity": {
            "account_id": "951869164162",
            "name": "secure-n-tier-infra-dev-app-profile"
          },
          "private": "bnVsbA==",
          "dependencies": [
            "module.ec2.aws_iam_role.app"
          ],
          "create_before_destroy": true
        }
      ]
    },
    {
      "module": "module.ec2",
      "mode": "managed",
      "type": "aws_iam_instance_profile",
      "name": "jenkins",
      "provider": "provider[\"registry.terraform.io/hashicorp/aws\"]",
      "instances": [
        {
          "schema_version": 0,
          "attributes": {
            "arn": "arn:aws:iam::951869164162:instance-profile/secure-n-tier-infra-dev-jenkins-profile",
            "create_date": "2026-08-25T08:41:34Z",
            "id": "secure-n-tier-infra-dev-jenkins-profile",
            "name": "secure-n-tier-infra-dev-jenkins-profile",
            "name_prefix": "",
            "path": "/",
            "role": "secure-n-tier-infra-dev-jenkins-role",
            "tags": {},
            "tags_all": {
              "Environment": "dev",
              "ManagedBy": "Terraform",
              "Project": "secure-n-tier-infra"
            },
            "unique_id": "AIPA53H6SZKBOMKWKA32Z"
          },
          "sensitive_attributes": [],
          "identity_schema_version": 0,
          "identity": {
            "account_id": "951869164162",
            "name": "secure-n-tier-infra-dev-jenkins-profile"
          },
          "private": "bnVsbA==",
          "dependencies": [
            "module.ec2.aws_iam_role.jenkins"
          ]
        }
      ]
    },
    {
      "module": "module.ec2",
      "mode": "managed",
      "type": "aws_iam_role",
      "name": "app",
      "provider": "provider[\"registry.terraform.io/hashicorp/aws\"]",
      "instances": [
        {
          "schema_version": 0,
          "attributes": {
            "arn": "arn:aws:iam::951869164162:role/secure-n-tier-infra-dev-app-role",
            "assume_role_policy": "{\"Statement\":[{\"Action\":\"sts:AssumeRole\",\"Effect\":\"Allow\",\"Principal\":{\"Service\":\"ec2.amazonaws.com\"}}],\"Version\":\"2012-10-17\"}",
            "create_date": "2026-08-25T08:41:31Z",
            "description": "",
            "force_detach_policies": false,
            "id": "secure-n-tier-infra-dev-app-role",
            "inline_policy": [
              {
                "name": "secure-n-tier-infra-dev-app-policy",
                "policy": "{\"Version\":\"2012-10-17\",\"Statement\":[{\"Action\":[\"ecr:GetAuthorizationToken\"],\"Effect\":\"Allow\",\"Resource\":\"*\"},{\"Action\":[\"ecr:BatchGetImage\",\"ecr:GetDownloadUrlForLayer\",\"ecr:BatchCheckLayerAvailability\"],\"Effect\":\"Allow\",\"Resource\":\"arn:aws:ecr:ap-south-1:951869164162:repository/secure-n-tier-infra-dev\"}]}"
              }
            ],
            "managed_policy_arns": [
              "arn:aws:iam::aws:policy/AmazonSSMManagedInstanceCore"
            ],
            "max_session_duration": 3600,
            "name": "secure-n-tier-infra-dev-app-role",
            "name_prefix": "",
            "path": "/",
            "permissions_boundary": "",
            "tags": {
              "Environment": "dev",
              "ManagedBy": "Terraform",
              "Project": "secure-n-tier-infra"
            },
            "tags_all": {
              "Environment": "dev",
              "ManagedBy": "Terraform",
              "Project": "secure-n-tier-infra"
            },
            "unique_id": "AROA53H6SZKBLPLVXCXT7"
          },
          "sensitive_attributes": [],
          "identity_schema_version": 0,
          "identity": {
            "account_id": "951869164162",
            "name": "secure-n-tier-infra-dev-app-role"
          },
          "private": "bnVsbA==",
          "create_before_destroy": true
        }
      ]
    },
    {
      "module": "module.ec2",
      "mode": "managed",
      "type": "aws_iam_role",
      "name": "jenkins",
      "provider": "provider[\"registry.terraform.io/hashicorp/aws\"]",
      "instances": [
        {
          "schema_version": 0,
          "attributes": {
            "arn": "arn:aws:iam::951869164162:role/secure-n-tier-infra-dev-jenkins-role",
            "assume_role_policy": "{\"Statement\":[{\"Action\":\"sts:AssumeRole\",\"Effect\":\"Allow\",\"Principal\":{\"Service\":\"ec2.amazonaws.com\"}}],\"Version\":\"2012-10-17\"}",
            "create_date": "2026-08-25T08:41:31Z",
            "description": "",
            "force_detach_policies": false,
            "id": "secure-n-tier-infra-dev-jenkins-role",
            "inline_policy": [
              {
                "name": "secure-n-tier-infra-dev-jenkins-policy",
                "policy": "{\"Version\":\"2012-10-17\",\"Statement\":[{\"Action\":[\"ecr:GetAuthorizationToken\"],\"Effect\":\"Allow\",\"Resource\":\"*\"},{\"Action\":[\"ecr:BatchCheckLayerAvailability\",\"ecr:CompleteLayerUpload\",\"ecr:DescribeRepositories\",\"ecr:InitiateLayerUpload\",\"ecr:PutImage\",\"ecr:UploadLayerPart\"],\"Effect\":\"Allow\",\"Resource\":\"arn:aws:ecr:ap-south-1:951869164162:repository/secure-n-tier-infra-dev\"},{\"Action\":[\"ssm:SendCommand\",\"ssm:GetCommandInvocation\",\"ssm:ListCommands\",\"ssm:ListCommandInvocations\"],\"Effect\":\"Allow\",\"Resource\":\"*\"}]}"
              }
            ],
            "managed_policy_arns": [],
            "max_session_duration": 3600,
            "name": "secure-n-tier-infra-dev-jenkins-role",
            "name_prefix": "",
            "path": "/",
            "permissions_boundary": "",
            "tags": {
              "Environment": "dev",
              "ManagedBy": "Terraform",
              "Project": "secure-n-tier-infra"
            },
            "tags_all": {
              "Environment": "dev",
              "ManagedBy": "Terraform",
              "Project": "secure-n-tier-infra"
            },
            "unique_id": "AROA53H6SZKBI5BLKWIPT"
          },
          "sensitive_attributes": [],
          "identity_schema_version": 0,
          "identity": {
            "account_id": "951869164162",
            "name": "secure-n-tier-infra-dev-jenkins-role"
          },
          "private": "bnVsbA=="
        }
      ]
    },
    {
      "module": "module.ec2",
      "mode": "managed",
      "type": "aws_iam_role_policy",
      "name": "app",
      "provider": "provider[\"registry.terraform.io/hashicorp/aws\"]",
      "instances": [
        {
          "schema_version": 0,
          "attributes": {
            "id": "secure-n-tier-infra-dev-app-role:secure-n-tier-infra-dev-app-policy",
            "name": "secure-n-tier-infra-dev-app-policy",
            "name_prefix": "",
            "policy": "{\"Version\":\"2012-10-17\",\"Statement\":[{\"Action\":[\"ecr:GetAuthorizationToken\"],\"Effect\":\"Allow\",\"Resource\":\"*\"},{\"Action\":[\"ecr:BatchGetImage\",\"ecr:GetDownloadUrlForLayer\",\"ecr:BatchCheckLayerAvailability\"],\"Effect\":\"Allow\",\"Resource\":\"arn:aws:ecr:ap-south-1:951869164162:repository/secure-n-tier-infra-dev\"}]}",
            "role": "secure-n-tier-infra-dev-app-role"
          },
          "sensitive_attributes": [],
          "identity_schema_version": 0,
          "identity": {
            "account_id": "951869164162",
            "name": "secure-n-tier-infra-dev-app-policy",
            "role": "secure-n-tier-infra-dev-app-role"
          },
          "private": "bnVsbA==",
          "dependencies": [
            "module.ec2.aws_iam_role.app",
            "module.ecr.aws_ecr_repository.this"
          ]
        }
      ]
    },
    {
      "module": "module.ec2",
      "mode": "managed",
      "type": "aws_iam_role_policy",
      "name": "jenkins",
      "provider": "provider[\"registry.terraform.io/hashicorp/aws\"]",
      "instances": [
        {
          "schema_version": 0,
          "attributes": {
            "id": "secure-n-tier-infra-dev-jenkins-role:secure-n-tier-infra-dev-jenkins-policy",
            "name": "secure-n-tier-infra-dev-jenkins-policy",
            "name_prefix": "",
            "policy": "{\"Version\":\"2012-10-17\",\"Statement\":[{\"Action\":[\"ecr:GetAuthorizationToken\"],\"Effect\":\"Allow\",\"Resource\":\"*\"},{\"Action\":[\"ecr:BatchCheckLayerAvailability\",\"ecr:CompleteLayerUpload\",\"ecr:DescribeRepositories\",\"ecr:InitiateLayerUpload\",\"ecr:PutImage\",\"ecr:UploadLayerPart\"],\"Effect\":\"Allow\",\"Resource\":\"arn:aws:ecr:ap-south-1:951869164162:repository/secure-n-tier-infra-dev\"},{\"Action\":[\"ssm:SendCommand\",\"ssm:GetCommandInvocation\",\"ssm:ListCommands\",\"ssm:ListCommandInvocations\"],\"Effect\":\"Allow\",\"Resource\":\"*\"}]}",
            "role": "secure-n-tier-infra-dev-jenkins-role"
          },
          "sensitive_attributes": [],
          "identity_schema_version": 0,
          "identity": {
            "account_id": "951869164162",
            "name": "secure-n-tier-infra-dev-jenkins-policy",
            "role": "secure-n-tier-infra-dev-jenkins-role"
          },
          "private": "bnVsbA==",
          "dependencies": [
            "module.ec2.aws_iam_role.jenkins",
            "module.ecr.aws_ecr_repository.this"
          ]
        }
      ]
    },
    {
      "module": "module.ec2",
      "mode": "managed",
      "type": "aws_iam_role_policy_attachment",
      "name": "app_ssm",
      "provider": "provider[\"registry.terraform.io/hashicorp/aws\"]",
      "instances": [
        {
          "schema_version": 0,
          "attributes": {
            "id": "secure-n-tier-infra-dev-app-role/arn:aws:iam::aws:policy/AmazonSSMManagedInstanceCore",
            "policy_arn": "arn:aws:iam::aws:policy/AmazonSSMManagedInstanceCore",
            "role": "secure-n-tier-infra-dev-app-role"
          },
          "sensitive_attributes": [],
          "identity_schema_version": 0,
          "identity": {
            "account_id": "951869164162",
            "policy_arn": "arn:aws:iam::aws:policy/AmazonSSMManagedInstanceCore",
            "role": "secure-n-tier-infra-dev-app-role"
          },
          "private": "bnVsbA==",
          "dependencies": [
            "module.ec2.aws_iam_role.app"
          ]
        }
      ]
    },
    {
      "module": "module.ec2",
      "mode": "managed",
      "type": "aws_instance",
      "name": "jenkins",
      "provider": "provider[\"registry.terraform.io/hashicorp/aws\"]",
      "instances": [
        {
          "schema_version": 2,
          "attributes": {
            "ami": "ami-06a83a7a581c729a9",
            "arn": "arn:aws:ec2:ap-south-1:951869164162:instance/i-0b85d042c8be6f9d6",
            "associate_public_ip_address": true,
            "availability_zone": "ap-south-1a",
            "capacity_reservation_specification": [
              {
                "capacity_reservation_preference": "open",
                "capacity_reservation_target": []
              }
            ],
            "cpu_options": [
              {
                "amd_sev_snp": "",
                "core_count": 1,
                "nested_virtualization": "",
                "threads_per_core": 2
              }
            ],
            "credit_specification": [],
            "disable_api_stop": false,
            "disable_api_termination": false,
            "ebs_block_device": [],
            "ebs_optimized": false,
            "enable_primary_ipv6": null,
            "enclave_options": [
              {
                "enabled": false
              }
            ],
            "ephemeral_block_device": [],
            "force_destroy": false,
            "get_password_data": false,
            "hibernation": false,
            "host_id": "",
            "host_resource_group_arn": null,
            "iam_instance_profile": "secure-n-tier-infra-dev-jenkins-profile",
            "id": "i-0b85d042c8be6f9d6",
            "instance_initiated_shutdown_behavior": "stop",
            "instance_lifecycle": "",
            "instance_market_options": [],
            "instance_state": "running",
            "instance_type": "c7i-flex.large",
            "ipv6_address_count": 0,
            "ipv6_addresses": [],
            "key_name": "aws",
            "launch_template": [],
            "maintenance_options": [
              {
                "auto_recovery": "default"
              }
            ],
            "metadata_options": [
              {
                "http_endpoint": "enabled",
                "http_protocol_ipv6": "disabled",
                "http_put_response_hop_limit": 2,
                "http_tokens": "required",
                "instance_metadata_tags": "disabled"
              }
            ],
            "monitoring": false,
            "network_interface": [],
            "outpost_arn": "",
            "password_data": "",
            "placement_group": "",
            "placement_group_id": "",
            "placement_partition_number": 0,
            "primary_network_interface": [
              {
                "delete_on_termination": true,
                "network_interface_id": "eni-0d2d2516cab7795e6"
              }
            ],
            "primary_network_interface_id": "eni-0d2d2516cab7795e6",
            "private_dns": "ip-10-0-1-60.ap-south-1.compute.internal",
            "private_dns_name_options": [
              {
                "enable_resource_name_dns_a_record": false,
                "enable_resource_name_dns_aaaa_record": false,
                "hostname_type": "ip-name"
              }
            ],
            "private_ip": "10.0.1.60",
            "public_dns": "ec2-13-207-51-34.ap-south-1.compute.amazonaws.com",
            "public_ip": "13.207.51.34",
            "region": "ap-south-1",
            "root_block_device": [
              {
                "delete_on_termination": true,
                "device_name": "/dev/xvda",
                "encrypted": false,
                "iops": 3000,
                "kms_key_id": "",
                "tags": {
                  "Environment": "dev",
                  "ManagedBy": "Terraform",
                  "Project": "secure-n-tier-infra"
                },
                "tags_all": {
                  "Environment": "dev",
                  "ManagedBy": "Terraform",
                  "Project": "secure-n-tier-infra"
                },
                "throughput": 125,
                "volume_id": "vol-00ea4116c808b4e49",
                "volume_size": 8,
                "volume_type": "gp3"
              }
            ],
            "secondary_network_interface": [],
            "secondary_private_ips": [],
            "security_groups": [],
            "source_dest_check": true,
            "spot_instance_request_id": "",
            "subnet_id": "subnet-06cf96f8db52385ee",
            "tags": {
              "Environment": "dev",
              "ManagedBy": "Terraform",
              "Name": "secure-n-tier-infra-dev-jenkins",
              "Project": "secure-n-tier-infra",
              "Role": "CI-CD",
              "Tier": "Public"
            },
            "tags_all": {
              "Environment": "dev",
              "ManagedBy": "Terraform",
              "Name": "secure-n-tier-infra-dev-jenkins",
              "Project": "secure-n-tier-infra",
              "Role": "CI-CD",
              "Tier": "Public"
            },
            "tenancy": "default",
            "timeouts": null,
            "user_data": "#!/bin/bash\n\ndnf update -y\n\ndnf install -y \\\n  git \\\n  docker \\\n  awscli \\\n  java-17-amazon-corretto \\\n  amazon-ssm-agent\n\nsystemctl enable docker\nsystemctl start docker\n\nsystemctl enable amazon-ssm-agent\nsystemctl start amazon-ssm-agent\n\ncurl -fsSL https://pkg.jenkins.io/redhat-stable/jenkins.io-2023.key \\\n  -o /etc/pki/rpm-gpg/jenkins-keyring.asc\n\ncat \u003e /etc/yum.repos.d/jenkins.repo \u003c\u003cEOF\n[jenkins]\nname=Jenkins\nbaseurl=https://pkg.jenkins.io/redhat-stable/\ngpgcheck=1\ngpgkey=file:///etc/pki/rpm-gpg/jenkins-keyring.asc\nenabled=1\nEOF\n\ndnf install -y jenkins\n\nusermod -aG docker jenkins\n\nsystemctl enable jenkins\nsystemctl start jenkins\n\ncurl -sfL https://raw.githubusercontent.com/aquasecurity/trivy/main/contrib/install.sh \\\n  | sh -s -- -b /usr/local/bin",
            "user_data_base64": null,
            "user_data_replace_on_change": false,
            "volume_tags": null,
            "vpc_security_group_ids": [
              "sg-0a7a4a0df0cde23be"
            ]
          },
          "sensitive_attributes": [],
          "identity_schema_version": 0,
          "identity": {
            "account_id": "951869164162",
            "id": "i-0b85d042c8be6f9d6",
            "region": "ap-south-1"
          },
          "private": "eyJlMmJmYjczMC1lY2FhLTExZTYtOGY4OC0zNDM2M2JjN2M0YzAiOnsiY3JlYXRlIjo2MDAwMDAwMDAwMDAsImRlbGV0ZSI6MTIwMDAwMDAwMDAwMCwicmVhZCI6OTAwMDAwMDAwMDAwLCJ1cGRhdGUiOjYwMDAwMDAwMDAwMH0sInNjaGVtYV92ZXJzaW9uIjoiMiJ9",
          "dependencies": [
            "data.aws_ami.amazon_linux_2023",
            "module.ec2.aws_iam_instance_profile.jenkins",
            "module.ec2.aws_iam_role.jenkins",
            "module.security_group.aws_security_group.jenkins",
            "module.vpc.aws_subnet.public",
            "module.vpc.aws_vpc.this"
          ]
        }
      ]
    },
    {
      "module": "module.ec2",
      "mode": "managed",
      "type": "aws_instance",
      "name": "mongodb",
      "provider": "provider[\"registry.terraform.io/hashicorp/aws\"]",
      "instances": [
        {
          "index_key": 1,
          "schema_version": 2,
          "attributes": {
            "ami": "ami-06a83a7a581c729a9",
            "arn": "arn:aws:ec2:ap-south-1:951869164162:instance/i-020c0cff3cfcd166e",
            "associate_public_ip_address": false,
            "availability_zone": "ap-south-1b",
            "capacity_reservation_specification": [
              {
                "capacity_reservation_preference": "open",
                "capacity_reservation_target": []
              }
            ],
            "cpu_options": [
              {
                "amd_sev_snp": "",
                "core_count": 1,
                "nested_virtualization": "",
                "threads_per_core": 1
              }
            ],
            "credit_specification": [
              {
                "cpu_credits": "standard"
              }
            ],
            "disable_api_stop": false,
            "disable_api_termination": false,
            "ebs_block_device": [],
            "ebs_optimized": false,
            "enable_primary_ipv6": null,
            "enclave_options": [
              {
                "enabled": false
              }
            ],
            "ephemeral_block_device": [],
            "force_destroy": false,
            "get_password_data": false,
            "hibernation": false,
            "host_id": "",
            "host_resource_group_arn": null,
            "iam_instance_profile": "",
            "id": "i-020c0cff3cfcd166e",
            "instance_initiated_shutdown_behavior": "stop",
            "instance_lifecycle": "",
            "instance_market_options": [],
            "instance_state": "running",
            "instance_type": "t2.micro",
            "ipv6_address_count": 0,
            "ipv6_addresses": [],
            "key_name": "",
            "launch_template": [],
            "maintenance_options": [
              {
                "auto_recovery": "default"
              }
            ],
            "metadata_options": [
              {
                "http_endpoint": "enabled",
                "http_protocol_ipv6": "disabled",
                "http_put_response_hop_limit": 2,
                "http_tokens": "required",
                "instance_metadata_tags": "disabled"
              }
            ],
            "monitoring": false,
            "network_interface": [],
            "outpost_arn": "",
            "password_data": "",
            "placement_group": "",
            "placement_group_id": "",
            "placement_partition_number": 0,
            "primary_network_interface": [
              {
                "delete_on_termination": true,
                "network_interface_id": "eni-00dd7fb3cb64a1771"
              }
            ],
            "primary_network_interface_id": "eni-00dd7fb3cb64a1771",
            "private_dns": "ip-10-0-22-202.ap-south-1.compute.internal",
            "private_dns_name_options": [
              {
                "enable_resource_name_dns_a_record": false,
                "enable_resource_name_dns_aaaa_record": false,
                "hostname_type": "ip-name"
              }
            ],
            "private_ip": "10.0.22.202",
            "public_dns": "",
            "public_ip": "",
            "region": "ap-south-1",
            "root_block_device": [
              {
                "delete_on_termination": true,
                "device_name": "/dev/xvda",
                "encrypted": false,
                "iops": 3000,
                "kms_key_id": "",
                "tags": {
                  "Environment": "dev",
                  "ManagedBy": "Terraform",
                  "Project": "secure-n-tier-infra"
                },
                "tags_all": {
                  "Environment": "dev",
                  "ManagedBy": "Terraform",
                  "Project": "secure-n-tier-infra"
                },
                "throughput": 125,
                "volume_id": "vol-05404c898e1267055",
                "volume_size": 8,
                "volume_type": "gp3"
              }
            ],
            "secondary_network_interface": [],
            "secondary_private_ips": [],
            "security_groups": [],
            "source_dest_check": true,
            "spot_instance_request_id": "",
            "subnet_id": "subnet-060b4cd8fe5a73737",
            "tags": {
              "Environment": "dev",
              "ManagedBy": "Terraform",
              "Name": "secure-n-tier-infra-dev-mongodb-2",
              "Project": "secure-n-tier-infra",
              "Tier": "Database"
            },
            "tags_all": {
              "Environment": "dev",
              "ManagedBy": "Terraform",
              "Name": "secure-n-tier-infra-dev-mongodb-2",
              "Project": "secure-n-tier-infra",
              "Tier": "Database"
            },
            "tenancy": "default",
            "timeouts": null,
            "user_data": "#!/bin/bash\n\ndnf update -y\n\ncat \u003e /etc/yum.repos.d/mongodb-org-7.0.repo \u003c\u003cEOF\n[mongodb-org-7.0]\nname=MongoDB Repository\nbaseurl=https://repo.mongodb.org/yum/amazon/2023/mongodb-org/7.0/x86_64/\ngpgcheck=1\nenabled=1\ngpgkey=https://pgp.mongodb.com/server-7.0.asc\nEOF\n\ndnf install -y mongodb-org\n\nsystemctl enable mongod\nsystemctl start mongod\n\nsed -i 's/^  bindIp: 127.0.0.1/  bindIp: 0.0.0.0/' /etc/mongod.conf\n\nsystemctl restart mongod",
            "user_data_base64": null,
            "user_data_replace_on_change": false,
            "volume_tags": null,
            "vpc_security_group_ids": [
              "sg-0b84b5ba1665d87f4"
            ]
          },
          "sensitive_attributes": [],
          "identity_schema_version": 0,
          "identity": {
            "account_id": "951869164162",
            "id": "i-020c0cff3cfcd166e",
            "region": "ap-south-1"
          },
          "private": "eyJlMmJmYjczMC1lY2FhLTExZTYtOGY4OC0zNDM2M2JjN2M0YzAiOnsiY3JlYXRlIjo2MDAwMDAwMDAwMDAsImRlbGV0ZSI6MTIwMDAwMDAwMDAwMCwicmVhZCI6OTAwMDAwMDAwMDAwLCJ1cGRhdGUiOjYwMDAwMDAwMDAwMH0sInNjaGVtYV92ZXJzaW9uIjoiMiJ9",
          "dependencies": [
            "data.aws_ami.amazon_linux_2023",
            "module.security_group.aws_security_group.alb",
            "module.security_group.aws_security_group.app",
            "module.security_group.aws_security_group.database",
            "module.vpc.aws_subnet.database",
            "module.vpc.aws_vpc.this"
          ]
        }
      ]
    },
    {
      "module": "module.ec2",
      "mode": "managed",
      "type": "aws_launch_template",
      "name": "app",
      "provider": "provider[\"registry.terraform.io/hashicorp/aws\"]",
      "instances": [
        {
          "schema_version": 1,
          "attributes": {
            "arn": "arn:aws:ec2:ap-south-1:951869164162:launch-template/lt-0b4b00466c6fbfe58",
            "block_device_mappings": [],
            "capacity_reservation_specification": [],
            "cpu_options": [],
            "credit_specification": [],
            "default_version": 1,
            "description": "",
            "disable_api_stop": false,
            "disable_api_termination": false,
            "ebs_optimized": "",
            "enclave_options": [],
            "hibernation_options": [],
            "iam_instance_profile": [
              {
                "arn": "",
                "name": "secure-n-tier-infra-dev-app-profile"
              }
            ],
            "id": "lt-0b4b00466c6fbfe58",
            "image_id": "ami-06a83a7a581c729a9",
            "instance_initiated_shutdown_behavior": "",
            "instance_market_options": [],
            "instance_requirements": [],
            "instance_type": "c7i-flex.large",
            "kernel_id": "",
            "key_name": "",
            "latest_version": 1,
            "license_specification": [],
            "maintenance_options": [],
            "metadata_options": [],
            "monitoring": [],
            "name": "secure-n-tier-infra-dev-app-0ab97a36851c508555f77f6d83",
            "name_prefix": "secure-n-tier-infra-dev-app-",
            "network_interfaces": [],
            "network_performance_options": [],
            "placement": [],
            "private_dns_name_options": [],
            "ram_disk_id": "",
            "region": "ap-south-1",
            "secondary_interfaces": [],
            "security_group_names": [],
            "tag_specifications": [
              {
                "resource_type": "instance",
                "tags": {
                  "Environment": "dev",
                  "ManagedBy": "Terraform",
                  "Name": "secure-n-tier-infra-dev-app",
                  "Project": "secure-n-tier-infra",
                  "Tier": "Private-App"
                }
              }
            ],
            "tags": {},
            "tags_all": {
              "Environment": "dev",
              "ManagedBy": "Terraform",
              "Project": "secure-n-tier-infra"
            },
            "update_default_version": null,
            "user_data": "IyEvYmluL2Jhc2gKCmRuZiB1cGRhdGUgLXkKCmRuZiBpbnN0YWxsIC15IFwKICBkb2NrZXIgXAogIGF3c2NsaSBcCiAgYW1hem9uLXNzbS1hZ2VudAoKc3lzdGVtY3RsIGVuYWJsZSBkb2NrZXIKc3lzdGVtY3RsIHN0YXJ0IGRvY2tlcgoKc3lzdGVtY3RsIGVuYWJsZSBhbWF6b24tc3NtLWFnZW50CnN5c3RlbWN0bCBzdGFydCBhbWF6b24tc3NtLWFnZW50Cgp1c2VybW9kIC1hRyBkb2NrZXIgZWMyLXVzZXIKCmF3cyBlY3IgZ2V0LWxvZ2luLXBhc3N3b3JkIC0tcmVnaW9uIGFwLXNvdXRoLTEgfCBcCmRvY2tlciBsb2dpbiBcCiAgLS11c2VybmFtZSBBV1MgXAogIC0tcGFzc3dvcmQtc3RkaW4gOTUxODY5MTY0MTYyLmRrci5lY3IuYXAtc291dGgtMS5hbWF6b25hd3MuY29tL3NlY3VyZS1uLXRpZXItaW5mcmEtZGV2Cgp1bnRpbCBkb2NrZXIgcHVsbCA5NTE4NjkxNjQxNjIuZGtyLmVjci5hcC1zb3V0aC0xLmFtYXpvbmF3cy5jb20vc2VjdXJlLW4tdGllci1pbmZyYS1kZXY6bGF0ZXN0CmRvCiAgc2xlZXAgMzAKZG9uZQoKZG9ja2VyIHJtIC1mIGFwcCAyPi9kZXYvbnVsbCB8fCB0cnVlCgpkb2NrZXIgcnVuIC1kIFwKICAtLW5hbWUgYXBwIFwKICAtLXJlc3RhcnQgdW5sZXNzLXN0b3BwZWQgXAogIC1wIDMwMDA6MzAwMCBcCiAgOTUxODY5MTY0MTYyLmRrci5lY3IuYXAtc291dGgtMS5hbWF6b25hd3MuY29tL3NlY3VyZS1uLXRpZXItaW5mcmEtZGV2OmxhdGVzdA==",
            "vpc_security_group_ids": [
              "sg-0ccb331ba8ddd0527"
            ]
          },
          "sensitive_attributes": [],
          "identity_schema_version": 0,
          "identity": {
            "account_id": "951869164162",
            "id": "lt-0b4b00466c6fbfe58",
            "region": "ap-south-1"
          },
          "private": "eyJzY2hlbWFfdmVyc2lvbiI6IjEifQ==",
          "dependencies": [
            "data.aws_ami.amazon_linux_2023",
            "module.ec2.aws_iam_instance_profile.app",
            "module.ec2.aws_iam_role.app",
            "module.ecr.aws_ecr_repository.this",
            "module.security_group.aws_security_group.alb",
            "module.security_group.aws_security_group.app",
            "module.vpc.aws_vpc.this"
          ],
          "create_before_destroy": true
        }
      ]
    },
    {
      "module": "module.ecr",
      "mode": "managed",
      "type": "aws_ecr_lifecycle_policy",
      "name": "this",
      "provider": "provider[\"registry.terraform.io/hashicorp/aws\"]",
      "instances": [
        {
          "schema_version": 0,
          "attributes": {
            "id": "secure-n-tier-infra-dev",
            "policy": "{\"rules\":[{\"action\":{\"type\":\"expire\"},\"description\":\"Keep last 10 images\",\"rulePriority\":1,\"selection\":{\"countNumber\":10,\"countType\":\"imageCountMoreThan\",\"tagStatus\":\"any\"}}]}",
            "region": "ap-south-1",
            "registry_id": "951869164162",
            "repository": "secure-n-tier-infra-dev"
          },
          "sensitive_attributes": [],
          "identity_schema_version": 0,
          "identity": {
            "account_id": "951869164162",
            "region": "ap-south-1",
            "repository": "secure-n-tier-infra-dev"
          },
          "private": "bnVsbA==",
          "dependencies": [
            "module.ecr.aws_ecr_repository.this"
          ]
        }
      ]
    },
    {
      "module": "module.ecr",
      "mode": "managed",
      "type": "aws_ecr_repository",
      "name": "this",
      "provider": "provider[\"registry.terraform.io/hashicorp/aws\"]",
      "instances": [
        {
          "schema_version": 0,
          "attributes": {
            "arn": "arn:aws:ecr:ap-south-1:951869164162:repository/secure-n-tier-infra-dev",
            "encryption_configuration": [
              {
                "encryption_type": "AES256",
                "kms_key": ""
              }
            ],
            "force_delete": null,
            "id": "secure-n-tier-infra-dev",
            "image_scanning_configuration": [
              {
                "scan_on_push": true
              }
            ],
            "image_tag_mutability": "MUTABLE",
            "image_tag_mutability_exclusion_filter": [],
            "name": "secure-n-tier-infra-dev",
            "region": "ap-south-1",
            "registry_id": "951869164162",
            "repository_url": "951869164162.dkr.ecr.ap-south-1.amazonaws.com/secure-n-tier-infra-dev",
            "tags": {
              "Environment": "dev",
              "ManagedBy": "Terraform",
              "Name": "secure-n-tier-infra-dev-ecr",
              "Project": "secure-n-tier-infra"
            },
            "tags_all": {
              "Environment": "dev",
              "ManagedBy": "Terraform",
              "Name": "secure-n-tier-infra-dev-ecr",
              "Project": "secure-n-tier-infra"
            },
            "timeouts": null
          },
          "sensitive_attributes": [],
          "identity_schema_version": 0,
          "identity": {
            "account_id": "951869164162",
            "name": "secure-n-tier-infra-dev",
            "region": "ap-south-1"
          },
          "private": "eyJlMmJmYjczMC1lY2FhLTExZTYtOGY4OC0zNDM2M2JjN2M0YzAiOnsiZGVsZXRlIjoxMjAwMDAwMDAwMDAwfX0=",
          "create_before_destroy": true
        }
      ]
    },
    {
      "module": "module.security_group",
      "mode": "managed",
      "type": "aws_security_group",
      "name": "alb",
      "provider": "provider[\"registry.terraform.io/hashicorp/aws\"]",
      "instances": [
        {
          "schema_version": 1,
          "attributes": {
            "arn": "arn:aws:ec2:ap-south-1:951869164162:security-group/sg-094e999939b68660e",
            "description": "Security group for Application Load Balancer",
            "egress": [
              {
                "cidr_blocks": [
                  "0.0.0.0/0"
                ],
                "description": "",
                "from_port": 0,
                "ipv6_cidr_blocks": [],
                "prefix_list_ids": [],
                "protocol": "-1",
                "security_groups": [],
                "self": false,
                "to_port": 0
              }
            ],
            "id": "sg-094e999939b68660e",
            "ingress": [
              {
                "cidr_blocks": [
                  "0.0.0.0/0"
                ],
                "description": "",
                "from_port": 443,
                "ipv6_cidr_blocks": [],
                "prefix_list_ids": [],
                "protocol": "tcp",
                "security_groups": [],
                "self": false,
                "to_port": 443
              },
              {
                "cidr_blocks": [
                  "0.0.0.0/0"
                ],
                "description": "",
                "from_port": 80,
                "ipv6_cidr_blocks": [],
                "prefix_list_ids": [],
                "protocol": "tcp",
                "security_groups": [],
                "self": false,
                "to_port": 80
              }
            ],
            "name": "secure-n-tier-infra-dev-alb-sg",
            "name_prefix": "",
            "owner_id": "951869164162",
            "region": "ap-south-1",
            "revoke_rules_on_delete": false,
            "tags": {
              "Environment": "dev",
              "ManagedBy": "Terraform",
              "Name": "secure-n-tier-infra-dev-alb-sg",
              "Project": "secure-n-tier-infra"
            },
            "tags_all": {
              "Environment": "dev",
              "ManagedBy": "Terraform",
              "Name": "secure-n-tier-infra-dev-alb-sg",
              "Project": "secure-n-tier-infra"
            },
            "timeouts": null,
            "vpc_id": "vpc-0a1303a7a5cc157c9"
          },
          "sensitive_attributes": [],
          "identity_schema_version": 0,
          "identity": {
            "account_id": "951869164162",
            "id": "sg-094e999939b68660e",
            "region": "ap-south-1"
          },
          "private": "eyJlMmJmYjczMC1lY2FhLTExZTYtOGY4OC0zNDM2M2JjN2M0YzAiOnsiY3JlYXRlIjo2MDAwMDAwMDAwMDAsImRlbGV0ZSI6OTAwMDAwMDAwMDAwfSwic2NoZW1hX3ZlcnNpb24iOiIxIn0=",
          "dependencies": [
            "module.vpc.aws_vpc.this"
          ],
          "create_before_destroy": true
        }
      ]
    },
    {
      "module": "module.security_group",
      "mode": "managed",
      "type": "aws_security_group",
      "name": "app",
      "provider": "provider[\"registry.terraform.io/hashicorp/aws\"]",
      "instances": [
        {
          "schema_version": 1,
          "attributes": {
            "arn": "arn:aws:ec2:ap-south-1:951869164162:security-group/sg-0ccb331ba8ddd0527",
            "description": "Security group for private application servers",
            "egress": [
              {
                "cidr_blocks": [
                  "0.0.0.0/0"
                ],
                "description": "",
                "from_port": 0,
                "ipv6_cidr_blocks": [],
                "prefix_list_ids": [],
                "protocol": "-1",
                "security_groups": [],
                "self": false,
                "to_port": 0
              }
            ],
            "id": "sg-0ccb331ba8ddd0527",
            "ingress": [
              {
                "cidr_blocks": [],
                "description": "",
                "from_port": 3000,
                "ipv6_cidr_blocks": [],
                "prefix_list_ids": [],
                "protocol": "tcp",
                "security_groups": [
                  "sg-094e999939b68660e"
                ],
                "self": false,
                "to_port": 3000
              }
            ],
            "name": "secure-n-tier-infra-dev-app-sg",
            "name_prefix": "",
            "owner_id": "951869164162",
            "region": "ap-south-1",
            "revoke_rules_on_delete": false,
            "tags": {
              "Environment": "dev",
              "ManagedBy": "Terraform",
              "Name": "secure-n-tier-infra-dev-app-sg",
              "Project": "secure-n-tier-infra"
            },
            "tags_all": {
              "Environment": "dev",
              "ManagedBy": "Terraform",
              "Name": "secure-n-tier-infra-dev-app-sg",
              "Project": "secure-n-tier-infra"
            },
            "timeouts": null,
            "vpc_id": "vpc-0a1303a7a5cc157c9"
          },
          "sensitive_attributes": [],
          "identity_schema_version": 0,
          "identity": {
            "account_id": "951869164162",
            "id": "sg-0ccb331ba8ddd0527",
            "region": "ap-south-1"
          },
          "private": "eyJlMmJmYjczMC1lY2FhLTExZTYtOGY4OC0zNDM2M2JjN2M0YzAiOnsiY3JlYXRlIjo2MDAwMDAwMDAwMDAsImRlbGV0ZSI6OTAwMDAwMDAwMDAwfSwic2NoZW1hX3ZlcnNpb24iOiIxIn0=",
          "dependencies": [
            "module.security_group.aws_security_group.alb",
            "module.vpc.aws_vpc.this"
          ],
          "create_before_destroy": true
        }
      ]
    },
    {
      "module": "module.security_group",
      "mode": "managed",
      "type": "aws_security_group",
      "name": "database",
      "provider": "provider[\"registry.terraform.io/hashicorp/aws\"]",
      "instances": [
        {
          "schema_version": 1,
          "attributes": {
            "arn": "arn:aws:ec2:ap-south-1:951869164162:security-group/sg-0b84b5ba1665d87f4",
            "description": "Security group for Amazon DocumentDB",
            "egress": [
              {
                "cidr_blocks": [
                  "0.0.0.0/0"
                ],
                "description": "",
                "from_port": 0,
                "ipv6_cidr_blocks": [],
                "prefix_list_ids": [],
                "protocol": "-1",
                "security_groups": [],
                "self": false,
                "to_port": 0
              }
            ],
            "id": "sg-0b84b5ba1665d87f4",
            "ingress": [
              {
                "cidr_blocks": [],
                "description": "",
                "from_port": 27017,
                "ipv6_cidr_blocks": [],
                "prefix_list_ids": [],
                "protocol": "tcp",
                "security_groups": [
                  "sg-0ccb331ba8ddd0527"
                ],
                "self": false,
                "to_port": 27017
              }
            ],
            "name": "secure-n-tier-infra-dev-database-sg",
            "name_prefix": "",
            "owner_id": "951869164162",
            "region": "ap-south-1",
            "revoke_rules_on_delete": false,
            "tags": {
              "Environment": "dev",
              "ManagedBy": "Terraform",
              "Name": "secure-n-tier-infra-dev-database-sg",
              "Project": "secure-n-tier-infra"
            },
            "tags_all": {
              "Environment": "dev",
              "ManagedBy": "Terraform",
              "Name": "secure-n-tier-infra-dev-database-sg",
              "Project": "secure-n-tier-infra"
            },
            "timeouts": null,
            "vpc_id": "vpc-0a1303a7a5cc157c9"
          },
          "sensitive_attributes": [],
          "identity_schema_version": 0,
          "identity": {
            "account_id": "951869164162",
            "id": "sg-0b84b5ba1665d87f4",
            "region": "ap-south-1"
          },
          "private": "eyJlMmJmYjczMC1lY2FhLTExZTYtOGY4OC0zNDM2M2JjN2M0YzAiOnsiY3JlYXRlIjo2MDAwMDAwMDAwMDAsImRlbGV0ZSI6OTAwMDAwMDAwMDAwfSwic2NoZW1hX3ZlcnNpb24iOiIxIn0=",
          "dependencies": [
            "module.security_group.aws_security_group.alb",
            "module.security_group.aws_security_group.app",
            "module.vpc.aws_vpc.this"
          ]
        }
      ]
    },
    {
      "module": "module.security_group",
      "mode": "managed",
      "type": "aws_security_group",
      "name": "jenkins",
      "provider": "provider[\"registry.terraform.io/hashicorp/aws\"]",
      "instances": [
        {
          "schema_version": 1,
          "attributes": {
            "arn": "arn:aws:ec2:ap-south-1:951869164162:security-group/sg-0a7a4a0df0cde23be",
            "description": "Security group for Jenkins server",
            "egress": [
              {
                "cidr_blocks": [
                  "0.0.0.0/0"
                ],
                "description": "",
                "from_port": 0,
                "ipv6_cidr_blocks": [],
                "prefix_list_ids": [],
                "protocol": "-1",
                "security_groups": [],
                "self": false,
                "to_port": 0
              }
            ],
            "id": "sg-0a7a4a0df0cde23be",
            "ingress": [
              {
                "cidr_blocks": [
                  "0.0.0.0/0"
                ],
                "description": "",
                "from_port": 22,
                "ipv6_cidr_blocks": [],
                "prefix_list_ids": [],
                "protocol": "tcp",
                "security_groups": [],
                "self": false,
                "to_port": 22
              },
              {
                "cidr_blocks": [
                  "0.0.0.0/0"
                ],
                "description": "",
                "from_port": 8080,
                "ipv6_cidr_blocks": [],
                "prefix_list_ids": [],
                "protocol": "tcp",
                "security_groups": [],
                "self": false,
                "to_port": 8080
              }
            ],
            "name": "secure-n-tier-infra-dev-jenkins-sg",
            "name_prefix": "",
            "owner_id": "951869164162",
            "region": "ap-south-1",
            "revoke_rules_on_delete": false,
            "tags": {
              "Environment": "dev",
              "ManagedBy": "Terraform",
              "Name": "secure-n-tier-infra-dev-jenkins-sg",
              "Project": "secure-n-tier-infra"
            },
            "tags_all": {
              "Environment": "dev",
              "ManagedBy": "Terraform",
              "Name": "secure-n-tier-infra-dev-jenkins-sg",
              "Project": "secure-n-tier-infra"
            },
            "timeouts": null,
            "vpc_id": "vpc-0a1303a7a5cc157c9"
          },
          "sensitive_attributes": [],
          "identity_schema_version": 0,
          "identity": {
            "account_id": "951869164162",
            "id": "sg-0a7a4a0df0cde23be",
            "region": "ap-south-1"
          },
          "private": "eyJlMmJmYjczMC1lY2FhLTExZTYtOGY4OC0zNDM2M2JjN2M0YzAiOnsiY3JlYXRlIjo2MDAwMDAwMDAwMDAsImRlbGV0ZSI6OTAwMDAwMDAwMDAwfSwic2NoZW1hX3ZlcnNpb24iOiIxIn0=",
          "dependencies": [
            "module.vpc.aws_vpc.this"
          ]
        }
      ]
    },
    {
      "module": "module.vpc",
      "mode": "managed",
      "type": "aws_eip",
      "name": "nat",
      "provider": "provider[\"registry.terraform.io/hashicorp/aws\"]",
      "instances": [
        {
          "schema_version": 0,
          "attributes": {
            "address": null,
            "allocation_id": "eipalloc-0caa801c92ea1a3fd",
            "arn": "arn:aws:ec2:ap-south-1:951869164162:elastic-ip/eipalloc-0caa801c92ea1a3fd",
            "associate_with_private_ip": null,
            "association_id": "eipassoc-08bcafa36fcb8c5dc",
            "carrier_ip": "",
            "customer_owned_ip": "",
            "customer_owned_ipv4_pool": "",
            "domain": "vpc",
            "id": "eipalloc-0caa801c92ea1a3fd",
            "instance": "",
            "ipam_pool_id": "",
            "network_border_group": "ap-south-1",
            "network_interface": "eni-01e8e2cea9e258d49",
            "private_dns": "ip-10-0-1-173.ap-south-1.compute.internal",
            "private_ip": "10.0.1.173",
            "ptr_record": "",
            "public_dns": "ec2-13-232-128-199.ap-south-1.compute.amazonaws.com",
            "public_ip": "13.232.128.199",
            "public_ipv4_pool": "amazon",
            "region": "ap-south-1",
            "tags": {
              "Environment": "dev",
              "ManagedBy": "Terraform",
              "Name": "secure-n-tier-infra-dev-nat-eip",
              "Project": "secure-n-tier-infra"
            },
            "tags_all": {
              "Environment": "dev",
              "ManagedBy": "Terraform",
              "Name": "secure-n-tier-infra-dev-nat-eip",
              "Project": "secure-n-tier-infra"
            },
            "timeouts": null
          },
          "sensitive_attributes": [],
          "identity_schema_version": 0,
          "identity": {
            "account_id": "951869164162",
            "id": "eipalloc-0caa801c92ea1a3fd",
            "region": "ap-south-1"
          },
          "private": "eyJlMmJmYjczMC1lY2FhLTExZTYtOGY4OC0zNDM2M2JjN2M0YzAiOnsiZGVsZXRlIjoxODAwMDAwMDAwMDAsInJlYWQiOjkwMDAwMDAwMDAwMCwidXBkYXRlIjozMDAwMDAwMDAwMDB9fQ=="
        }
      ]
    },
    {
      "module": "module.vpc",
      "mode": "managed",
      "type": "aws_internet_gateway",
      "name": "this",
      "provider": "provider[\"registry.terraform.io/hashicorp/aws\"]",
      "instances": [
        {
          "schema_version": 0,
          "attributes": {
            "arn": "arn:aws:ec2:ap-south-1:951869164162:internet-gateway/igw-081d1631a9bdb92c4",
            "id": "igw-081d1631a9bdb92c4",
            "owner_id": "951869164162",
            "region": "ap-south-1",
            "tags": {
              "Environment": "dev",
              "ManagedBy": "Terraform",
              "Name": "secure-n-tier-infra-dev-igw",
              "Project": "secure-n-tier-infra"
            },
            "tags_all": {
              "Environment": "dev",
              "ManagedBy": "Terraform",
              "Name": "secure-n-tier-infra-dev-igw",
              "Project": "secure-n-tier-infra"
            },
            "timeouts": null,
            "vpc_id": "vpc-0a1303a7a5cc157c9"
          },
          "sensitive_attributes": [],
          "identity_schema_version": 0,
          "identity": {
            "account_id": "951869164162",
            "id": "igw-081d1631a9bdb92c4",
            "region": "ap-south-1"
          },
          "private": "eyJlMmJmYjczMC1lY2FhLTExZTYtOGY4OC0zNDM2M2JjN2M0YzAiOnsiY3JlYXRlIjoxMjAwMDAwMDAwMDAwLCJkZWxldGUiOjEyMDAwMDAwMDAwMDAsInVwZGF0ZSI6MTIwMDAwMDAwMDAwMH19",
          "dependencies": [
            "module.vpc.aws_vpc.this"
          ]
        }
      ]
    },
    {
      "module": "module.vpc",
      "mode": "managed",
      "type": "aws_nat_gateway",
      "name": "this",
      "provider": "provider[\"registry.terraform.io/hashicorp/aws\"]",
      "instances": [
        {
          "schema_version": 0,
          "attributes": {
            "allocation_id": "eipalloc-0caa801c92ea1a3fd",
            "association_id": "eipassoc-08bcafa36fcb8c5dc",
            "auto_provision_zones": null,
            "auto_scaling_ips": null,
            "availability_mode": "zonal",
            "availability_zone_address": [],
            "connectivity_type": "public",
            "id": "nat-0cfa26b6242559bfd",
            "network_interface_id": "eni-01e8e2cea9e258d49",
            "private_ip": "10.0.1.173",
            "public_ip": "13.232.128.199",
            "region": "ap-south-1",
            "regional_nat_gateway_address": [],
            "regional_nat_gateway_auto_mode": null,
            "route_table_id": null,
            "secondary_allocation_ids": [],
            "secondary_private_ip_address_count": 0,
            "secondary_private_ip_addresses": [],
            "subnet_id": "subnet-06cf96f8db52385ee",
            "tags": {
              "Environment": "dev",
              "ManagedBy": "Terraform",
              "Name": "secure-n-tier-infra-dev-nat",
              "Project": "secure-n-tier-infra"
            },
            "tags_all": {
              "Environment": "dev",
              "ManagedBy": "Terraform",
              "Name": "secure-n-tier-infra-dev-nat",
              "Project": "secure-n-tier-infra"
            },
            "timeouts": null,
            "vpc_id": "vpc-0a1303a7a5cc157c9"
          },
          "sensitive_attributes": [],
          "identity_schema_version": 0,
          "identity": {
            "account_id": "951869164162",
            "id": "nat-0cfa26b6242559bfd",
            "region": "ap-south-1"
          },
          "private": "eyJlMmJmYjczMC1lY2FhLTExZTYtOGY4OC0zNDM2M2JjN2M0YzAiOnsiY3JlYXRlIjo2MDAwMDAwMDAwMDAsImRlbGV0ZSI6MTgwMDAwMDAwMDAwMCwidXBkYXRlIjo2MDAwMDAwMDAwMDB9fQ==",
          "dependencies": [
            "module.vpc.aws_eip.nat",
            "module.vpc.aws_internet_gateway.this",
            "module.vpc.aws_subnet.public",
            "module.vpc.aws_vpc.this"
          ]
        }
      ]
    },
    {
      "module": "module.vpc",
      "mode": "managed",
      "type": "aws_route_table",
      "name": "database",
      "provider": "provider[\"registry.terraform.io/hashicorp/aws\"]",
      "instances": [
        {
          "schema_version": 0,
          "attributes": {
            "arn": "arn:aws:ec2:ap-south-1:951869164162:route-table/rtb-0dcec5f3134f4d206",
            "id": "rtb-0dcec5f3134f4d206",
            "owner_id": "951869164162",
            "propagating_vgws": [],
            "region": "ap-south-1",
            "route": [],
            "tags": {
              "Environment": "dev",
              "ManagedBy": "Terraform",
              "Name": "secure-n-tier-infra-dev-database-rt",
              "Project": "secure-n-tier-infra"
            },
            "tags_all": {
              "Environment": "dev",
              "ManagedBy": "Terraform",
              "Name": "secure-n-tier-infra-dev-database-rt",
              "Project": "secure-n-tier-infra"
            },
            "timeouts": null,
            "vpc_id": "vpc-0a1303a7a5cc157c9"
          },
          "sensitive_attributes": [],
          "identity_schema_version": 0,
          "identity": {
            "account_id": "951869164162",
            "id": "rtb-0dcec5f3134f4d206",
            "region": "ap-south-1"
          },
          "private": "eyJlMmJmYjczMC1lY2FhLTExZTYtOGY4OC0zNDM2M2JjN2M0YzAiOnsiY3JlYXRlIjozMDAwMDAwMDAwMDAsImRlbGV0ZSI6MzAwMDAwMDAwMDAwLCJ1cGRhdGUiOjEyMDAwMDAwMDAwMH19",
          "dependencies": [
            "module.vpc.aws_vpc.this"
          ]
        }
      ]
    },
    {
      "module": "module.vpc",
      "mode": "managed",
      "type": "aws_route_table",
      "name": "private_app",
      "provider": "provider[\"registry.terraform.io/hashicorp/aws\"]",
      "instances": [
        {
          "schema_version": 0,
          "attributes": {
            "arn": "arn:aws:ec2:ap-south-1:951869164162:route-table/rtb-03c7f4c9976f50926",
            "id": "rtb-03c7f4c9976f50926",
            "owner_id": "951869164162",
            "propagating_vgws": [],
            "region": "ap-south-1",
            "route": [
              {
                "carrier_gateway_id": "",
                "cidr_block": "0.0.0.0/0",
                "core_network_arn": "",
                "destination_prefix_list_id": "",
                "egress_only_gateway_id": "",
                "gateway_id": "",
                "ipv6_cidr_block": "",
                "local_gateway_id": "",
                "nat_gateway_id": "nat-0cfa26b6242559bfd",
                "network_interface_id": "",
                "odb_network_arn": "",
                "transit_gateway_id": "",
                "vpc_endpoint_id": "",
                "vpc_peering_connection_id": ""
              }
            ],
            "tags": {
              "Environment": "dev",
              "ManagedBy": "Terraform",
              "Name": "secure-n-tier-infra-dev-private-app-rt",
              "Project": "secure-n-tier-infra"
            },
            "tags_all": {
              "Environment": "dev",
              "ManagedBy": "Terraform",
              "Name": "secure-n-tier-infra-dev-private-app-rt",
              "Project": "secure-n-tier-infra"
            },
            "timeouts": null,
            "vpc_id": "vpc-0a1303a7a5cc157c9"
          },
          "sensitive_attributes": [],
          "identity_schema_version": 0,
          "identity": {
            "account_id": "951869164162",
            "id": "rtb-03c7f4c9976f50926",
            "region": "ap-south-1"
          },
          "private": "eyJlMmJmYjczMC1lY2FhLTExZTYtOGY4OC0zNDM2M2JjN2M0YzAiOnsiY3JlYXRlIjozMDAwMDAwMDAwMDAsImRlbGV0ZSI6MzAwMDAwMDAwMDAwLCJ1cGRhdGUiOjEyMDAwMDAwMDAwMH19",
          "dependencies": [
            "module.vpc.aws_eip.nat",
            "module.vpc.aws_internet_gateway.this",
            "module.vpc.aws_nat_gateway.this",
            "module.vpc.aws_subnet.public",
            "module.vpc.aws_vpc.this"
          ]
        }
      ]
    },
    {
      "module": "module.vpc",
      "mode": "managed",
      "type": "aws_route_table",
      "name": "public",
      "provider": "provider[\"registry.terraform.io/hashicorp/aws\"]",
      "instances": [
        {
          "schema_version": 0,
          "attributes": {
            "arn": "arn:aws:ec2:ap-south-1:951869164162:route-table/rtb-0ee6e01c4ff54e012",
            "id": "rtb-0ee6e01c4ff54e012",
            "owner_id": "951869164162",
            "propagating_vgws": [],
            "region": "ap-south-1",
            "route": [
              {
                "carrier_gateway_id": "",
                "cidr_block": "0.0.0.0/0",
                "core_network_arn": "",
                "destination_prefix_list_id": "",
                "egress_only_gateway_id": "",
                "gateway_id": "igw-081d1631a9bdb92c4",
                "ipv6_cidr_block": "",
                "local_gateway_id": "",
                "nat_gateway_id": "",
                "network_interface_id": "",
                "odb_network_arn": "",
                "transit_gateway_id": "",
                "vpc_endpoint_id": "",
                "vpc_peering_connection_id": ""
              }
            ],
            "tags": {
              "Environment": "dev",
              "ManagedBy": "Terraform",
              "Name": "secure-n-tier-infra-dev-public-rt",
              "Project": "secure-n-tier-infra"
            },
            "tags_all": {
              "Environment": "dev",
              "ManagedBy": "Terraform",
              "Name": "secure-n-tier-infra-dev-public-rt",
              "Project": "secure-n-tier-infra"
            },
            "timeouts": null,
            "vpc_id": "vpc-0a1303a7a5cc157c9"
          },
          "sensitive_attributes": [],
          "identity_schema_version": 0,
          "identity": {
            "account_id": "951869164162",
            "id": "rtb-0ee6e01c4ff54e012",
            "region": "ap-south-1"
          },
          "private": "eyJlMmJmYjczMC1lY2FhLTExZTYtOGY4OC0zNDM2M2JjN2M0YzAiOnsiY3JlYXRlIjozMDAwMDAwMDAwMDAsImRlbGV0ZSI6MzAwMDAwMDAwMDAwLCJ1cGRhdGUiOjEyMDAwMDAwMDAwMH19",
          "dependencies": [
            "module.vpc.aws_internet_gateway.this",
            "module.vpc.aws_vpc.this"
          ]
        }
      ]
    },
    {
      "module": "module.vpc",
      "mode": "managed",
      "type": "aws_route_table_association",
      "name": "database",
      "provider": "provider[\"registry.terraform.io/hashicorp/aws\"]",
      "instances": [
        {
          "index_key": 0,
          "schema_version": 0,
          "attributes": {
            "gateway_id": "",
            "id": "rtbassoc-0a4330a5dd840c208",
            "region": "ap-south-1",
            "route_table_id": "rtb-0dcec5f3134f4d206",
            "subnet_id": "subnet-048d04cd43e361069",
            "timeouts": null
          },
          "sensitive_attributes": [],
          "identity_schema_version": 0,
          "identity": {
            "account_id": "951869164162",
            "id": "rtbassoc-0a4330a5dd840c208",
            "region": "ap-south-1"
          },
          "private": "eyJlMmJmYjczMC1lY2FhLTExZTYtOGY4OC0zNDM2M2JjN2M0YzAiOnsiY3JlYXRlIjozMDAwMDAwMDAwMDAsImRlbGV0ZSI6MzAwMDAwMDAwMDAwLCJ1cGRhdGUiOjEyMDAwMDAwMDAwMH19",
          "dependencies": [
            "module.vpc.aws_route_table.database",
            "module.vpc.aws_subnet.database",
            "module.vpc.aws_vpc.this"
          ]
        },
        {
          "index_key": 1,
          "schema_version": 0,
          "attributes": {
            "gateway_id": "",
            "id": "rtbassoc-02277544c2ccaa0de",
            "region": "ap-south-1",
            "route_table_id": "rtb-0dcec5f3134f4d206",
            "subnet_id": "subnet-060b4cd8fe5a73737",
            "timeouts": null
          },
          "sensitive_attributes": [],
          "identity_schema_version": 0,
          "identity": {
            "account_id": "951869164162",
            "id": "rtbassoc-02277544c2ccaa0de",
            "region": "ap-south-1"
          },
          "private": "eyJlMmJmYjczMC1lY2FhLTExZTYtOGY4OC0zNDM2M2JjN2M0YzAiOnsiY3JlYXRlIjozMDAwMDAwMDAwMDAsImRlbGV0ZSI6MzAwMDAwMDAwMDAwLCJ1cGRhdGUiOjEyMDAwMDAwMDAwMH19",
          "dependencies": [
            "module.vpc.aws_route_table.database",
            "module.vpc.aws_subnet.database",
            "module.vpc.aws_vpc.this"
          ]
        }
      ]
    },
    {
      "module": "module.vpc",
      "mode": "managed",
      "type": "aws_route_table_association",
      "name": "private_app",
      "provider": "provider[\"registry.terraform.io/hashicorp/aws\"]",
      "instances": [
        {
          "index_key": 0,
          "schema_version": 0,
          "attributes": {
            "gateway_id": "",
            "id": "rtbassoc-0d634bcc31a4afd26",
            "region": "ap-south-1",
            "route_table_id": "rtb-03c7f4c9976f50926",
            "subnet_id": "subnet-0fc709c805d16c6e8",
            "timeouts": null
          },
          "sensitive_attributes": [],
          "identity_schema_version": 0,
          "identity": {
            "account_id": "951869164162",
            "id": "rtbassoc-0d634bcc31a4afd26",
            "region": "ap-south-1"
          },
          "private": "eyJlMmJmYjczMC1lY2FhLTExZTYtOGY4OC0zNDM2M2JjN2M0YzAiOnsiY3JlYXRlIjozMDAwMDAwMDAwMDAsImRlbGV0ZSI6MzAwMDAwMDAwMDAwLCJ1cGRhdGUiOjEyMDAwMDAwMDAwMH19",
          "dependencies": [
            "module.vpc.aws_eip.nat",
            "module.vpc.aws_internet_gateway.this",
            "module.vpc.aws_nat_gateway.this",
            "module.vpc.aws_route_table.private_app",
            "module.vpc.aws_subnet.private_app",
            "module.vpc.aws_subnet.public",
            "module.vpc.aws_vpc.this"
          ]
        },
        {
          "index_key": 1,
          "schema_version": 0,
          "attributes": {
            "gateway_id": "",
            "id": "rtbassoc-0fc15a9832b965e94",
            "region": "ap-south-1",
            "route_table_id": "rtb-03c7f4c9976f50926",
            "subnet_id": "subnet-0a467d8d8d0c397bc",
            "timeouts": null
          },
          "sensitive_attributes": [],
          "identity_schema_version": 0,
          "identity": {
            "account_id": "951869164162",
            "id": "rtbassoc-0fc15a9832b965e94",
            "region": "ap-south-1"
          },
          "private": "eyJlMmJmYjczMC1lY2FhLTExZTYtOGY4OC0zNDM2M2JjN2M0YzAiOnsiY3JlYXRlIjozMDAwMDAwMDAwMDAsImRlbGV0ZSI6MzAwMDAwMDAwMDAwLCJ1cGRhdGUiOjEyMDAwMDAwMDAwMH19",
          "dependencies": [
            "module.vpc.aws_eip.nat",
            "module.vpc.aws_internet_gateway.this",
            "module.vpc.aws_nat_gateway.this",
            "module.vpc.aws_route_table.private_app",
            "module.vpc.aws_subnet.private_app",
            "module.vpc.aws_subnet.public",
            "module.vpc.aws_vpc.this"
          ]
        }
      ]
    },
    {
      "module": "module.vpc",
      "mode": "managed",
      "type": "aws_route_table_association",
      "name": "public",
      "provider": "provider[\"registry.terraform.io/hashicorp/aws\"]",
      "instances": [
        {
          "index_key": 0,
          "schema_version": 0,
          "attributes": {
            "gateway_id": "",
            "id": "rtbassoc-0d1768fdd2f0dbc52",
            "region": "ap-south-1",
            "route_table_id": "rtb-0ee6e01c4ff54e012",
            "subnet_id": "subnet-06cf96f8db52385ee",
            "timeouts": null
          },
          "sensitive_attributes": [],
          "identity_schema_version": 0,
          "identity": {
            "account_id": "951869164162",
            "id": "rtbassoc-0d1768fdd2f0dbc52",
            "region": "ap-south-1"
          },
          "private": "eyJlMmJmYjczMC1lY2FhLTExZTYtOGY4OC0zNDM2M2JjN2M0YzAiOnsiY3JlYXRlIjozMDAwMDAwMDAwMDAsImRlbGV0ZSI6MzAwMDAwMDAwMDAwLCJ1cGRhdGUiOjEyMDAwMDAwMDAwMH19",
          "dependencies": [
            "module.vpc.aws_internet_gateway.this",
            "module.vpc.aws_route_table.public",
            "module.vpc.aws_subnet.public",
            "module.vpc.aws_vpc.this"
          ]
        },
        {
          "index_key": 1,
          "schema_version": 0,
          "attributes": {
            "gateway_id": "",
            "id": "rtbassoc-07ebef3ac8a9551cc",
            "region": "ap-south-1",
            "route_table_id": "rtb-0ee6e01c4ff54e012",
            "subnet_id": "subnet-0c7a3dc8acda26573",
            "timeouts": null
          },
          "sensitive_attributes": [],
          "identity_schema_version": 0,
          "identity": {
            "account_id": "951869164162",
            "id": "rtbassoc-07ebef3ac8a9551cc",
            "region": "ap-south-1"
          },
          "private": "eyJlMmJmYjczMC1lY2FhLTExZTYtOGY4OC0zNDM2M2JjN2M0YzAiOnsiY3JlYXRlIjozMDAwMDAwMDAwMDAsImRlbGV0ZSI6MzAwMDAwMDAwMDAwLCJ1cGRhdGUiOjEyMDAwMDAwMDAwMH19",
          "dependencies": [
            "module.vpc.aws_internet_gateway.this",
            "module.vpc.aws_route_table.public",
            "module.vpc.aws_subnet.public",
            "module.vpc.aws_vpc.this"
          ]
        }
      ]
    },
    {
      "module": "module.vpc",
      "mode": "managed",
      "type": "aws_subnet",
      "name": "database",
      "provider": "provider[\"registry.terraform.io/hashicorp/aws\"]",
      "instances": [
        {
          "index_key": 0,
          "schema_version": 1,
          "attributes": {
            "arn": "arn:aws:ec2:ap-south-1:951869164162:subnet/subnet-048d04cd43e361069",
            "assign_ipv6_address_on_creation": false,
            "availability_zone": "ap-south-1a",
            "availability_zone_id": "aps1-az1",
            "cidr_block": "10.0.21.0/24",
            "customer_owned_ipv4_pool": "",
            "enable_dns64": false,
            "enable_lni_at_device_index": 0,
            "enable_resource_name_dns_a_record_on_launch": false,
            "enable_resource_name_dns_aaaa_record_on_launch": false,
            "id": "subnet-048d04cd43e361069",
            "ipv4_ipam_pool_id": null,
            "ipv4_netmask_length": null,
            "ipv6_cidr_block": "",
            "ipv6_cidr_block_association_id": "",
            "ipv6_ipam_pool_id": null,
            "ipv6_native": false,
            "ipv6_netmask_length": null,
            "map_customer_owned_ip_on_launch": false,
            "map_public_ip_on_launch": false,
            "outpost_arn": "",
            "owner_id": "951869164162",
            "private_dns_hostname_type_on_launch": "ip-name",
            "region": "ap-south-1",
            "tags": {
              "Environment": "dev",
              "ManagedBy": "Terraform",
              "Name": "secure-n-tier-infra-dev-database-ap-south-1a",
              "Project": "secure-n-tier-infra",
              "Tier": "Database"
            },
            "tags_all": {
              "Environment": "dev",
              "ManagedBy": "Terraform",
              "Name": "secure-n-tier-infra-dev-database-ap-south-1a",
              "Project": "secure-n-tier-infra",
              "Tier": "Database"
            },
            "timeouts": null,
            "vpc_id": "vpc-0a1303a7a5cc157c9"
          },
          "sensitive_attributes": [],
          "identity_schema_version": 0,
          "identity": {
            "account_id": "951869164162",
            "id": "subnet-048d04cd43e361069",
            "region": "ap-south-1"
          },
          "private": "eyJlMmJmYjczMC1lY2FhLTExZTYtOGY4OC0zNDM2M2JjN2M0YzAiOnsiY3JlYXRlIjo2MDAwMDAwMDAwMDAsImRlbGV0ZSI6MTIwMDAwMDAwMDAwMH0sInNjaGVtYV92ZXJzaW9uIjoiMSJ9",
          "dependencies": [
            "module.vpc.aws_vpc.this"
          ]
        },
        {
          "index_key": 1,
          "schema_version": 1,
          "attributes": {
            "arn": "arn:aws:ec2:ap-south-1:951869164162:subnet/subnet-060b4cd8fe5a73737",
            "assign_ipv6_address_on_creation": false,
            "availability_zone": "ap-south-1b",
            "availability_zone_id": "aps1-az3",
            "cidr_block": "10.0.22.0/24",
            "customer_owned_ipv4_pool": "",
            "enable_dns64": false,
            "enable_lni_at_device_index": 0,
            "enable_resource_name_dns_a_record_on_launch": false,
            "enable_resource_name_dns_aaaa_record_on_launch": false,
            "id": "subnet-060b4cd8fe5a73737",
            "ipv4_ipam_pool_id": null,
            "ipv4_netmask_length": null,
            "ipv6_cidr_block": "",
            "ipv6_cidr_block_association_id": "",
            "ipv6_ipam_pool_id": null,
            "ipv6_native": false,
            "ipv6_netmask_length": null,
            "map_customer_owned_ip_on_launch": false,
            "map_public_ip_on_launch": false,
            "outpost_arn": "",
            "owner_id": "951869164162",
            "private_dns_hostname_type_on_launch": "ip-name",
            "region": "ap-south-1",
            "tags": {
              "Environment": "dev",
              "ManagedBy": "Terraform",
              "Name": "secure-n-tier-infra-dev-database-ap-south-1b",
              "Project": "secure-n-tier-infra",
              "Tier": "Database"
            },
            "tags_all": {
              "Environment": "dev",
              "ManagedBy": "Terraform",
              "Name": "secure-n-tier-infra-dev-database-ap-south-1b",
              "Project": "secure-n-tier-infra",
              "Tier": "Database"
            },
            "timeouts": null,
            "vpc_id": "vpc-0a1303a7a5cc157c9"
          },
          "sensitive_attributes": [],
          "identity_schema_version": 0,
          "identity": {
            "account_id": "951869164162",
            "id": "subnet-060b4cd8fe5a73737",
            "region": "ap-south-1"
          },
          "private": "eyJlMmJmYjczMC1lY2FhLTExZTYtOGY4OC0zNDM2M2JjN2M0YzAiOnsiY3JlYXRlIjo2MDAwMDAwMDAwMDAsImRlbGV0ZSI6MTIwMDAwMDAwMDAwMH0sInNjaGVtYV92ZXJzaW9uIjoiMSJ9",
          "dependencies": [
            "module.vpc.aws_vpc.this"
          ]
        }
      ]
    },
    {
      "module": "module.vpc",
      "mode": "managed",
      "type": "aws_subnet",
      "name": "private_app",
      "provider": "provider[\"registry.terraform.io/hashicorp/aws\"]",
      "instances": [
        {
          "index_key": 0,
          "schema_version": 1,
          "attributes": {
            "arn": "arn:aws:ec2:ap-south-1:951869164162:subnet/subnet-0fc709c805d16c6e8",
            "assign_ipv6_address_on_creation": false,
            "availability_zone": "ap-south-1a",
            "availability_zone_id": "aps1-az1",
            "cidr_block": "10.0.11.0/24",
            "customer_owned_ipv4_pool": "",
            "enable_dns64": false,
            "enable_lni_at_device_index": 0,
            "enable_resource_name_dns_a_record_on_launch": false,
            "enable_resource_name_dns_aaaa_record_on_launch": false,
            "id": "subnet-0fc709c805d16c6e8",
            "ipv4_ipam_pool_id": null,
            "ipv4_netmask_length": null,
            "ipv6_cidr_block": "",
            "ipv6_cidr_block_association_id": "",
            "ipv6_ipam_pool_id": null,
            "ipv6_native": false,
            "ipv6_netmask_length": null,
            "map_customer_owned_ip_on_launch": false,
            "map_public_ip_on_launch": false,
            "outpost_arn": "",
            "owner_id": "951869164162",
            "private_dns_hostname_type_on_launch": "ip-name",
            "region": "ap-south-1",
            "tags": {
              "Environment": "dev",
              "ManagedBy": "Terraform",
              "Name": "secure-n-tier-infra-dev-private-app-ap-south-1a",
              "Project": "secure-n-tier-infra",
              "Tier": "Private-App"
            },
            "tags_all": {
              "Environment": "dev",
              "ManagedBy": "Terraform",
              "Name": "secure-n-tier-infra-dev-private-app-ap-south-1a",
              "Project": "secure-n-tier-infra",
              "Tier": "Private-App"
            },
            "timeouts": null,
            "vpc_id": "vpc-0a1303a7a5cc157c9"
          },
          "sensitive_attributes": [],
          "identity_schema_version": 0,
          "identity": {
            "account_id": "951869164162",
            "id": "subnet-0fc709c805d16c6e8",
            "region": "ap-south-1"
          },
          "private": "eyJlMmJmYjczMC1lY2FhLTExZTYtOGY4OC0zNDM2M2JjN2M0YzAiOnsiY3JlYXRlIjo2MDAwMDAwMDAwMDAsImRlbGV0ZSI6MTIwMDAwMDAwMDAwMH0sInNjaGVtYV92ZXJzaW9uIjoiMSJ9",
          "dependencies": [
            "module.vpc.aws_vpc.this"
          ]
        },
        {
          "index_key": 1,
          "schema_version": 1,
          "attributes": {
            "arn": "arn:aws:ec2:ap-south-1:951869164162:subnet/subnet-0a467d8d8d0c397bc",
            "assign_ipv6_address_on_creation": false,
            "availability_zone": "ap-south-1b",
            "availability_zone_id": "aps1-az3",
            "cidr_block": "10.0.12.0/24",
            "customer_owned_ipv4_pool": "",
            "enable_dns64": false,
            "enable_lni_at_device_index": 0,
            "enable_resource_name_dns_a_record_on_launch": false,
            "enable_resource_name_dns_aaaa_record_on_launch": false,
            "id": "subnet-0a467d8d8d0c397bc",
            "ipv4_ipam_pool_id": null,
            "ipv4_netmask_length": null,
            "ipv6_cidr_block": "",
            "ipv6_cidr_block_association_id": "",
            "ipv6_ipam_pool_id": null,
            "ipv6_native": false,
            "ipv6_netmask_length": null,
            "map_customer_owned_ip_on_launch": false,
            "map_public_ip_on_launch": false,
            "outpost_arn": "",
            "owner_id": "951869164162",
            "private_dns_hostname_type_on_launch": "ip-name",
            "region": "ap-south-1",
            "tags": {
              "Environment": "dev",
              "ManagedBy": "Terraform",
              "Name": "secure-n-tier-infra-dev-private-app-ap-south-1b",
              "Project": "secure-n-tier-infra",
              "Tier": "Private-App"
            },
            "tags_all": {
              "Environment": "dev",
              "ManagedBy": "Terraform",
              "Name": "secure-n-tier-infra-dev-private-app-ap-south-1b",
              "Project": "secure-n-tier-infra",
              "Tier": "Private-App"
            },
            "timeouts": null,
            "vpc_id": "vpc-0a1303a7a5cc157c9"
          },
          "sensitive_attributes": [],
          "identity_schema_version": 0,
          "identity": {
            "account_id": "951869164162",
            "id": "subnet-0a467d8d8d0c397bc",
            "region": "ap-south-1"
          },
          "private": "eyJlMmJmYjczMC1lY2FhLTExZTYtOGY4OC0zNDM2M2JjN2M0YzAiOnsiY3JlYXRlIjo2MDAwMDAwMDAwMDAsImRlbGV0ZSI6MTIwMDAwMDAwMDAwMH0sInNjaGVtYV92ZXJzaW9uIjoiMSJ9",
          "dependencies": [
            "module.vpc.aws_vpc.this"
          ]
        }
      ]
    },
    {
      "module": "module.vpc",
      "mode": "managed",
      "type": "aws_subnet",
      "name": "public",
      "provider": "provider[\"registry.terraform.io/hashicorp/aws\"]",
      "instances": [
        {
          "index_key": 0,
          "schema_version": 1,
          "attributes": {
            "arn": "arn:aws:ec2:ap-south-1:951869164162:subnet/subnet-06cf96f8db52385ee",
            "assign_ipv6_address_on_creation": false,
            "availability_zone": "ap-south-1a",
            "availability_zone_id": "aps1-az1",
            "cidr_block": "10.0.1.0/24",
            "customer_owned_ipv4_pool": "",
            "enable_dns64": false,
            "enable_lni_at_device_index": 0,
            "enable_resource_name_dns_a_record_on_launch": false,
            "enable_resource_name_dns_aaaa_record_on_launch": false,
            "id": "subnet-06cf96f8db52385ee",
            "ipv4_ipam_pool_id": null,
            "ipv4_netmask_length": null,
            "ipv6_cidr_block": "",
            "ipv6_cidr_block_association_id": "",
            "ipv6_ipam_pool_id": null,
            "ipv6_native": false,
            "ipv6_netmask_length": null,
            "map_customer_owned_ip_on_launch": false,
            "map_public_ip_on_launch": true,
            "outpost_arn": "",
            "owner_id": "951869164162",
            "private_dns_hostname_type_on_launch": "ip-name",
            "region": "ap-south-1",
            "tags": {
              "Environment": "dev",
              "ManagedBy": "Terraform",
              "Name": "secure-n-tier-infra-dev-public-ap-south-1a",
              "Project": "secure-n-tier-infra",
              "Tier": "Public"
            },
            "tags_all": {
              "Environment": "dev",
              "ManagedBy": "Terraform",
              "Name": "secure-n-tier-infra-dev-public-ap-south-1a",
              "Project": "secure-n-tier-infra",
              "Tier": "Public"
            },
            "timeouts": null,
            "vpc_id": "vpc-0a1303a7a5cc157c9"
          },
          "sensitive_attributes": [],
          "identity_schema_version": 0,
          "identity": {
            "account_id": "951869164162",
            "id": "subnet-06cf96f8db52385ee",
            "region": "ap-south-1"
          },
          "private": "eyJlMmJmYjczMC1lY2FhLTExZTYtOGY4OC0zNDM2M2JjN2M0YzAiOnsiY3JlYXRlIjo2MDAwMDAwMDAwMDAsImRlbGV0ZSI6MTIwMDAwMDAwMDAwMH0sInNjaGVtYV92ZXJzaW9uIjoiMSJ9",
          "dependencies": [
            "module.vpc.aws_vpc.this"
          ]
        },
        {
          "index_key": 1,
          "schema_version": 1,
          "attributes": {
            "arn": "arn:aws:ec2:ap-south-1:951869164162:subnet/subnet-0c7a3dc8acda26573",
            "assign_ipv6_address_on_creation": false,
            "availability_zone": "ap-south-1b",
            "availability_zone_id": "aps1-az3",
            "cidr_block": "10.0.2.0/24",
            "customer_owned_ipv4_pool": "",
            "enable_dns64": false,
            "enable_lni_at_device_index": 0,
            "enable_resource_name_dns_a_record_on_launch": false,
            "enable_resource_name_dns_aaaa_record_on_launch": false,
            "id": "subnet-0c7a3dc8acda26573",
            "ipv4_ipam_pool_id": null,
            "ipv4_netmask_length": null,
            "ipv6_cidr_block": "",
            "ipv6_cidr_block_association_id": "",
            "ipv6_ipam_pool_id": null,
            "ipv6_native": false,
            "ipv6_netmask_length": null,
            "map_customer_owned_ip_on_launch": false,
            "map_public_ip_on_launch": true,
            "outpost_arn": "",
            "owner_id": "951869164162",
            "private_dns_hostname_type_on_launch": "ip-name",
            "region": "ap-south-1",
            "tags": {
              "Environment": "dev",
              "ManagedBy": "Terraform",
              "Name": "secure-n-tier-infra-dev-public-ap-south-1b",
              "Project": "secure-n-tier-infra",
              "Tier": "Public"
            },
            "tags_all": {
              "Environment": "dev",
              "ManagedBy": "Terraform",
              "Name": "secure-n-tier-infra-dev-public-ap-south-1b",
              "Project": "secure-n-tier-infra",
              "Tier": "Public"
            },
            "timeouts": null,
            "vpc_id": "vpc-0a1303a7a5cc157c9"
          },
          "sensitive_attributes": [],
          "identity_schema_version": 0,
          "identity": {
            "account_id": "951869164162",
            "id": "subnet-0c7a3dc8acda26573",
            "region": "ap-south-1"
          },
          "private": "eyJlMmJmYjczMC1lY2FhLTExZTYtOGY4OC0zNDM2M2JjN2M0YzAiOnsiY3JlYXRlIjo2MDAwMDAwMDAwMDAsImRlbGV0ZSI6MTIwMDAwMDAwMDAwMH0sInNjaGVtYV92ZXJzaW9uIjoiMSJ9",
          "dependencies": [
            "module.vpc.aws_vpc.this"
          ]
        }
      ]
    },
    {
      "module": "module.vpc",
      "mode": "managed",
      "type": "aws_vpc",
      "name": "this",
      "provider": "provider[\"registry.terraform.io/hashicorp/aws\"]",
      "instances": [
        {
          "schema_version": 1,
          "attributes": {
            "arn": "arn:aws:ec2:ap-south-1:951869164162:vpc/vpc-0a1303a7a5cc157c9",
            "assign_generated_ipv6_cidr_block": false,
            "cidr_block": "10.0.0.0/16",
            "default_network_acl_id": "acl-02e5f9d176a595142",
            "default_route_table_id": "rtb-050bc769d90f80382",
            "default_security_group_id": "sg-0a97bfb321ef78254",
            "dhcp_options_id": "dopt-07b43ae953a011fd4",
            "enable_dns_hostnames": true,
            "enable_dns_support": true,
            "enable_network_address_usage_metrics": false,
            "id": "vpc-0a1303a7a5cc157c9",
            "instance_tenancy": "default",
            "ipv4_ipam_pool_id": null,
            "ipv4_netmask_length": null,
            "ipv6_association_id": "",
            "ipv6_cidr_block": "",
            "ipv6_cidr_block_network_border_group": "",
            "ipv6_ipam_pool_id": "",
            "ipv6_netmask_length": 0,
            "main_route_table_id": "rtb-050bc769d90f80382",
            "owner_id": "951869164162",
            "region": "ap-south-1",
            "tags": {
              "Environment": "dev",
              "ManagedBy": "Terraform",
              "Name": "secure-n-tier-infra-dev-vpc",
              "Project": "secure-n-tier-infra"
            },
            "tags_all": {
              "Environment": "dev",
              "ManagedBy": "Terraform",
              "Name": "secure-n-tier-infra-dev-vpc",
              "Project": "secure-n-tier-infra"
            }
          },
          "sensitive_attributes": [],
          "identity_schema_version": 0,
          "identity": {
            "account_id": "951869164162",
            "id": "vpc-0a1303a7a5cc157c9",
            "region": "ap-south-1"
          },
          "private": "eyJzY2hlbWFfdmVyc2lvbiI6IjEifQ==",
          "create_before_destroy": true
        }
      ]
    }
  ],
  "check_results": null
}
